// !$*UTF8*$!
{
	archiveVersion = 1;
	classes = {
	};
	objectVersion = 45;
	objects = {

/* Begin PBXBuildFile section */
		1D3623260D0F684500981E51 /* LaunchItAppDelegate.mm in Sources */ = {isa = PBXBuildFile; fileRef = 1D3623250D0F684500981E51 /* LaunchItAppDelegate.mm */; };
		1D60589B0D05DD56006BFB54 /* main.m in Sources */ = {isa = PBXBuildFile; fileRef = 29B97316FDCFA39411CA2CEA /* main.m */; };
		1D60589F0D05DD5A006BFB54 /* Foundation.framework in Frameworks */ = {isa = PBXBuildFile; fileRef = 1D30AB110D05D00D00671497 /* Foundation.framework */; };
		1DF5F4E00D08C38300B7A737 /* UIKit.framework in Frameworks */ = {isa = PBXBuildFile; fileRef = 1DF5F4DF0D08C38300B7A737 /* UIKit.framework */; };
		288765FD0DF74451002DB57D /* CoreGraphics.framework in Frameworks */ = {isa = PBXBuildFile; fileRef = 288765FC0DF74451002DB57D /* CoreGraphics.framework */; };
		A928AD4F0FF7EBAF005CF70D /* OpenGLES.framework in Frameworks */ = {isa = PBXBuildFile; fileRef = A928AD4E0FF7EBAF005CF70D /* OpenGLES.framework */; };
		A928AD510FF7EBAF005CF70D /* QuartzCore.framework in Frameworks */ = {isa = PBXBuildFile; fileRef = A928AD500FF7EBAF005CF70D /* QuartzCore.framework */; };
		A928ADEF0FF7EBFC005CF70D /* Action.m in Sources */ = {isa = PBXBuildFile; fileRef = A928AD890FF7EBFC005CF70D /* Action.m */; };
		A928ADF00FF7EBFC005CF70D /* AtlasNode.m in Sources */ = {isa = PBXBuildFile; fileRef = A928AD8B0FF7EBFC005CF70D /* AtlasNode.m */; };
		A928ADF10FF7EBFC005CF70D /* AtlasSprite.m in Sources */ = {isa = PBXBuildFile; fileRef = A928AD8D0FF7EBFC005CF70D /* AtlasSprite.m */; };
		A928ADF20FF7EBFC005CF70D /* AtlasSpriteManager.m in Sources */ = {isa = PBXBuildFile; fileRef = A928AD8F0FF7EBFC005CF70D /* AtlasSpriteManager.m */; };
		A928ADF30FF7EBFC005CF70D /* BitmapFontAtlas.m in Sources */ = {isa = PBXBuildFile; fileRef = A928AD910FF7EBFC005CF70D /* BitmapFontAtlas.m */; };
		A928ADF40FF7EBFC005CF70D /* Camera.m in Sources */ = {isa = PBXBuildFile; fileRef = A928AD930FF7EBFC005CF70D /* Camera.m */; };
		A928ADF50FF7EBFC005CF70D /* CameraAction.m in Sources */ = {isa = PBXBuildFile; fileRef = A928AD950FF7EBFC005CF70D /* CameraAction.m */; };
		A928ADF60FF7EBFC005CF70D /* cocos2d.m in Sources */ = {isa = PBXBuildFile; fileRef = A928AD9A0FF7EBFC005CF70D /* cocos2d.m */; };
		A928ADF70FF7EBFC005CF70D /* CocosNode.m in Sources */ = {isa = PBXBuildFile; fileRef = A928AD9C0FF7EBFC005CF70D /* CocosNode.m */; };
		A928ADF80FF7EBFC005CF70D /* Director.m in Sources */ = {isa = PBXBuildFile; fileRef = A928AD9E0FF7EBFC005CF70D /* Director.m */; };
		A928ADF90FF7EBFC005CF70D /* EaseAction.m in Sources */ = {isa = PBXBuildFile; fileRef = A928ADA00FF7EBFC005CF70D /* EaseAction.m */; };
		A928ADFA0FF7EBFC005CF70D /* Grabber.m in Sources */ = {isa = PBXBuildFile; fileRef = A928ADA20FF7EBFC005CF70D /* Grabber.m */; };
		A928ADFB0FF7EBFC005CF70D /* Grid.m in Sources */ = {isa = PBXBuildFile; fileRef = A928ADA40FF7EBFC005CF70D /* Grid.m */; };
		A928ADFC0FF7EBFC005CF70D /* Grid3DAction.m in Sources */ = {isa = PBXBuildFile; fileRef = A928ADA60FF7EBFC005CF70D /* Grid3DAction.m */; };
		A928ADFD0FF7EBFC005CF70D /* GridAction.m in Sources */ = {isa = PBXBuildFile; fileRef = A928ADA80FF7EBFC005CF70D /* GridAction.m */; };
		A928ADFE0FF7EBFC005CF70D /* InstantAction.m in Sources */ = {isa = PBXBuildFile; fileRef = A928ADAA0FF7EBFC005CF70D /* InstantAction.m */; };
		A928ADFF0FF7EBFC005CF70D /* IntervalAction.m in Sources */ = {isa = PBXBuildFile; fileRef = A928ADAC0FF7EBFC005CF70D /* IntervalAction.m */; };
		A928AE000FF7EBFC005CF70D /* Label.m in Sources */ = {isa = PBXBuildFile; fileRef = A928ADAE0FF7EBFC005CF70D /* Label.m */; };
		A928AE010FF7EBFC005CF70D /* LabelAtlas.m in Sources */ = {isa = PBXBuildFile; fileRef = A928ADB00FF7EBFC005CF70D /* LabelAtlas.m */; };
		A928AE020FF7EBFC005CF70D /* Layer.m in Sources */ = {isa = PBXBuildFile; fileRef = A928ADB20FF7EBFC005CF70D /* Layer.m */; };
		A928AE030FF7EBFC005CF70D /* Menu.m in Sources */ = {isa = PBXBuildFile; fileRef = A928ADB40FF7EBFC005CF70D /* Menu.m */; };
		A928AE040FF7EBFC005CF70D /* MenuItem.m in Sources */ = {isa = PBXBuildFile; fileRef = A928ADB60FF7EBFC005CF70D /* MenuItem.m */; };
		A928AE050FF7EBFC005CF70D /* ParallaxNode.m in Sources */ = {isa = PBXBuildFile; fileRef = A928ADB80FF7EBFC005CF70D /* ParallaxNode.m */; };
		A928AE060FF7EBFC005CF70D /* ParticleExamples.m in Sources */ = {isa = PBXBuildFile; fileRef = A928ADBA0FF7EBFC005CF70D /* ParticleExamples.m */; };
		A928AE070FF7EBFC005CF70D /* ParticleSystem.m in Sources */ = {isa = PBXBuildFile; fileRef = A928ADBC0FF7EBFC005CF70D /* ParticleSystem.m */; };
		A928AE080FF7EBFC005CF70D /* PointParticleSystem.m in Sources */ = {isa = PBXBuildFile; fileRef = A928ADBE0FF7EBFC005CF70D /* PointParticleSystem.m */; };
		A928AE090FF7EBFC005CF70D /* Primitives.m in Sources */ = {isa = PBXBuildFile; fileRef = A928ADC00FF7EBFC005CF70D /* Primitives.m */; };
		A928AE0A0FF7EBFC005CF70D /* QuadParticleSystem.m in Sources */ = {isa = PBXBuildFile; fileRef = A928ADC20FF7EBFC005CF70D /* QuadParticleSystem.m */; };
		A928AE0B0FF7EBFC005CF70D /* Scene.m in Sources */ = {isa = PBXBuildFile; fileRef = A928ADC40FF7EBFC005CF70D /* Scene.m */; };
		A928AE0C0FF7EBFC005CF70D /* Scheduler.m in Sources */ = {isa = PBXBuildFile; fileRef = A928ADC60FF7EBFC005CF70D /* Scheduler.m */; };
		A928AE0D0FF7EBFC005CF70D /* Sprite.m in Sources */ = {isa = PBXBuildFile; fileRef = A928ADC80FF7EBFC005CF70D /* Sprite.m */; };
		A928AE0E0FF7EBFC005CF70D /* CGPointExtension.m in Sources */ = {isa = PBXBuildFile; fileRef = A928ADCC0FF7EBFC005CF70D /* CGPointExtension.m */; };
		A928AE0F0FF7EBFC005CF70D /* EAGLView.m in Sources */ = {isa = PBXBuildFile; fileRef = A928ADCE0FF7EBFC005CF70D /* EAGLView.m */; };
		A928AE100FF7EBFC005CF70D /* FileUtils.m in Sources */ = {isa = PBXBuildFile; fileRef = A928ADD00FF7EBFC005CF70D /* FileUtils.m */; };
		A928AE110FF7EBFC005CF70D /* glu.c in Sources */ = {isa = PBXBuildFile; fileRef = A928ADD10FF7EBFC005CF70D /* glu.c */; };
		A928AE120FF7EBFC005CF70D /* PVRTexture.m in Sources */ = {isa = PBXBuildFile; fileRef = A928ADD50FF7EBFC005CF70D /* PVRTexture.m */; };
		A928AE130FF7EBFC005CF70D /* Texture2D.m in Sources */ = {isa = PBXBuildFile; fileRef = A928ADD70FF7EBFC005CF70D /* Texture2D.m */; };
		A928AE140FF7EBFC005CF70D /* TGAlib.m in Sources */ = {isa = PBXBuildFile; fileRef = A928ADD90FF7EBFC005CF70D /* TGAlib.m */; };
		A928AE150FF7EBFC005CF70D /* TransformUtils.m in Sources */ = {isa = PBXBuildFile; fileRef = A928ADDB0FF7EBFC005CF70D /* TransformUtils.m */; };
		A928AE160FF7EBFC005CF70D /* UIColor-OpenGL.m in Sources */ = {isa = PBXBuildFile; fileRef = A928ADDD0FF7EBFC005CF70D /* UIColor-OpenGL.m */; };
		A928AE170FF7EBFC005CF70D /* TextureAtlas.m in Sources */ = {isa = PBXBuildFile; fileRef = A928ADDF0FF7EBFC005CF70D /* TextureAtlas.m */; };
		A928AE180FF7EBFC005CF70D /* TextureMgr.m in Sources */ = {isa = PBXBuildFile; fileRef = A928ADE10FF7EBFC005CF70D /* TextureMgr.m */; };
		A928AE190FF7EBFC005CF70D /* TextureNode.m in Sources */ = {isa = PBXBuildFile; fileRef = A928ADE30FF7EBFC005CF70D /* TextureNode.m */; };
		A928AE1A0FF7EBFC005CF70D /* TiledGridAction.m in Sources */ = {isa = PBXBuildFile; fileRef = A928ADE50FF7EBFC005CF70D /* TiledGridAction.m */; };
		A928AE1B0FF7EBFC005CF70D /* TileMapAtlas.m in Sources */ = {isa = PBXBuildFile; fileRef = A928ADE70FF7EBFC005CF70D /* TileMapAtlas.m */; };
		A928AE1C0FF7EBFC005CF70D /* TouchDispatcher.m in Sources */ = {isa = PBXBuildFile; fileRef = A928ADEA0FF7EBFC005CF70D /* TouchDispatcher.m */; };
		A928AE1D0FF7EBFC005CF70D /* TouchHandler.m in Sources */ = {isa = PBXBuildFile; fileRef = A928ADEC0FF7EBFC005CF70D /* TouchHandler.m */; };
		A928AE1E0FF7EBFC005CF70D /* Transition.m in Sources */ = {isa = PBXBuildFile; fileRef = A928ADEE0FF7EBFC005CF70D /* Transition.m */; };
		A928AE850FF7EC14005CF70D /* b2BroadPhase.cpp in Sources */ = {isa = PBXBuildFile; fileRef = A928AE2C0FF7EC14005CF70D /* b2BroadPhase.cpp */; };
		A928AE860FF7EC14005CF70D /* b2CollideCircle.cpp in Sources */ = {isa = PBXBuildFile; fileRef = A928AE2E0FF7EC14005CF70D /* b2CollideCircle.cpp */; };
		A928AE870FF7EC14005CF70D /* b2CollidePoly.cpp in Sources */ = {isa = PBXBuildFile; fileRef = A928AE2F0FF7EC14005CF70D /* b2CollidePoly.cpp */; };
		A928AE880FF7EC14005CF70D /* b2Collision.cpp in Sources */ = {isa = PBXBuildFile; fileRef = A928AE300FF7EC14005CF70D /* b2Collision.cpp */; };
		A928AE890FF7EC14005CF70D /* b2Distance.cpp in Sources */ = {isa = PBXBuildFile; fileRef = A928AE320FF7EC14005CF70D /* b2Distance.cpp */; };
		A928AE8A0FF7EC14005CF70D /* b2PairManager.cpp in Sources */ = {isa = PBXBuildFile; fileRef = A928AE330FF7EC14005CF70D /* b2PairManager.cpp */; };
		A928AE8B0FF7EC14005CF70D /* b2TimeOfImpact.cpp in Sources */ = {isa = PBXBuildFile; fileRef = A928AE350FF7EC14005CF70D /* b2TimeOfImpact.cpp */; };
		A928AE8C0FF7EC14005CF70D /* b2CircleShape.cpp in Sources */ = {isa = PBXBuildFile; fileRef = A928AE370FF7EC14005CF70D /* b2CircleShape.cpp */; };
		A928AE8D0FF7EC14005CF70D /* b2EdgeShape.cpp in Sources */ = {isa = PBXBuildFile; fileRef = A928AE390FF7EC14005CF70D /* b2EdgeShape.cpp */; };
		A928AE8E0FF7EC14005CF70D /* b2PolygonShape.cpp in Sources */ = {isa = PBXBuildFile; fileRef = A928AE3B0FF7EC14005CF70D /* b2PolygonShape.cpp */; };
		A928AE8F0FF7EC14005CF70D /* b2Shape.cpp in Sources */ = {isa = PBXBuildFile; fileRef = A928AE3D0FF7EC14005CF70D /* b2Shape.cpp */; };
		A928AE900FF7EC14005CF70D /* b2BlockAllocator.cpp in Sources */ = {isa = PBXBuildFile; fileRef = A928AE400FF7EC14005CF70D /* b2BlockAllocator.cpp */; };
		A928AE910FF7EC14005CF70D /* b2Math.cpp in Sources */ = {isa = PBXBuildFile; fileRef = A928AE420FF7EC14005CF70D /* b2Math.cpp */; };
		A928AE920FF7EC14005CF70D /* b2Settings.cpp in Sources */ = {isa = PBXBuildFile; fileRef = A928AE440FF7EC14005CF70D /* b2Settings.cpp */; };
		A928AE930FF7EC14005CF70D /* b2StackAllocator.cpp in Sources */ = {isa = PBXBuildFile; fileRef = A928AE460FF7EC14005CF70D /* b2StackAllocator.cpp */; };
		A928AE940FF7EC14005CF70D /* b2Body.cpp in Sources */ = {isa = PBXBuildFile; fileRef = A928AE4B0FF7EC14005CF70D /* b2Body.cpp */; };
		A928AE950FF7EC14005CF70D /* b2ContactManager.cpp in Sources */ = {isa = PBXBuildFile; fileRef = A928AE4D0FF7EC14005CF70D /* b2ContactManager.cpp */; };
		A928AE960FF7EC14005CF70D /* b2Island.cpp in Sources */ = {isa = PBXBuildFile; fileRef = A928AE4F0FF7EC14005CF70D /* b2Island.cpp */; };
		A928AE970FF7EC14005CF70D /* b2World.cpp in Sources */ = {isa = PBXBuildFile; fileRef = A928AE510FF7EC14005CF70D /* b2World.cpp */; };
		A928AE980FF7EC14005CF70D /* b2WorldCallbacks.cpp in Sources */ = {isa = PBXBuildFile; fileRef = A928AE530FF7EC14005CF70D /* b2WorldCallbacks.cpp */; };
		A928AE990FF7EC14005CF70D /* b2CircleContact.cpp in Sources */ = {isa = PBXBuildFile; fileRef = A928AE560FF7EC14005CF70D /* b2CircleContact.cpp */; };
		A928AE9A0FF7EC14005CF70D /* b2Contact.cpp in Sources */ = {isa = PBXBuildFile; fileRef = A928AE580FF7EC14005CF70D /* b2Contact.cpp */; };
		A928AE9B0FF7EC14005CF70D /* b2ContactSolver.cpp in Sources */ = {isa = PBXBuildFile; fileRef = A928AE5A0FF7EC14005CF70D /* b2ContactSolver.cpp */; };
		A928AE9C0FF7EC14005CF70D /* b2EdgeAndCircleContact.cpp in Sources */ = {isa = PBXBuildFile; fileRef = A928AE5C0FF7EC14005CF70D /* b2EdgeAndCircleContact.cpp */; };
		A928AE9D0FF7EC14005CF70D /* b2PolyAndCircleContact.cpp in Sources */ = {isa = PBXBuildFile; fileRef = A928AE5F0FF7EC14005CF70D /* b2PolyAndCircleContact.cpp */; };
		A928AE9E0FF7EC14005CF70D /* b2PolyAndEdgeContact.cpp in Sources */ = {isa = PBXBuildFile; fileRef = A928AE610FF7EC14005CF70D /* b2PolyAndEdgeContact.cpp */; };
		A928AE9F0FF7EC14005CF70D /* b2PolyContact.cpp in Sources */ = {isa = PBXBuildFile; fileRef = A928AE630FF7EC14005CF70D /* b2PolyContact.cpp */; };
		A928AEA00FF7EC14005CF70D /* b2BuoyancyController.cpp in Sources */ = {isa = PBXBuildFile; fileRef = A928AE660FF7EC14005CF70D /* b2BuoyancyController.cpp */; };
		A928AEA10FF7EC14005CF70D /* b2ConstantAccelController.cpp in Sources */ = {isa = PBXBuildFile; fileRef = A928AE680FF7EC14005CF70D /* b2ConstantAccelController.cpp */; };
		A928AEA20FF7EC14005CF70D /* b2ConstantForceController.cpp in Sources */ = {isa = PBXBuildFile; fileRef = A928AE6A0FF7EC14005CF70D /* b2ConstantForceController.cpp */; };
		A928AEA30FF7EC14005CF70D /* b2Controller.cpp in Sources */ = {isa = PBXBuildFile; fileRef = A928AE6C0FF7EC14005CF70D /* b2Controller.cpp */; };
		A928AEA40FF7EC14005CF70D /* b2GravityController.cpp in Sources */ = {isa = PBXBuildFile; fileRef = A928AE6E0FF7EC14005CF70D /* b2GravityController.cpp */; };
		A928AEA50FF7EC14005CF70D /* b2TensorDampingController.cpp in Sources */ = {isa = PBXBuildFile; fileRef = A928AE700FF7EC14005CF70D /* b2TensorDampingController.cpp */; };
		A928AEA60FF7EC14005CF70D /* b2DistanceJoint.cpp in Sources */ = {isa = PBXBuildFile; fileRef = A928AE730FF7EC14005CF70D /* b2DistanceJoint.cpp */; };
		A928AEA70FF7EC14005CF70D /* b2GearJoint.cpp in Sources */ = {isa = PBXBuildFile; fileRef = A928AE750FF7EC14005CF70D /* b2GearJoint.cpp */; };
		A928AEA80FF7EC14005CF70D /* b2Joint.cpp in Sources */ = {isa = PBXBuildFile; fileRef = A928AE770FF7EC14005CF70D /* b2Joint.cpp */; };
		A928AEA90FF7EC14005CF70D /* b2LineJoint.cpp in Sources */ = {isa = PBXBuildFile; fileRef = A928AE790FF7EC14005CF70D /* b2LineJoint.cpp */; };
		A928AEAA0FF7EC14005CF70D /* b2MouseJoint.cpp in Sources */ = {isa = PBXBuildFile; fileRef = A928AE7B0FF7EC14005CF70D /* b2MouseJoint.cpp */; };
		A928AEAB0FF7EC14005CF70D /* b2PrismaticJoint.cpp in Sources */ = {isa = PBXBuildFile; fileRef = A928AE7D0FF7EC14005CF70D /* b2PrismaticJoint.cpp */; };
		A928AEAC0FF7EC14005CF70D /* b2PulleyJoint.cpp in Sources */ = {isa = PBXBuildFile; fileRef = A928AE7F0FF7EC14005CF70D /* b2PulleyJoint.cpp */; };
		A928AEAD0FF7EC14005CF70D /* b2RevoluteJoint.cpp in Sources */ = {isa = PBXBuildFile; fileRef = A928AE810FF7EC14005CF70D /* b2RevoluteJoint.cpp */; };
		A928AEB00FF7EC54005CF70D /* fps_images.png in Resources */ = {isa = PBXBuildFile; fileRef = A928AEAF0FF7EC54005CF70D /* fps_images.png */; };
		A928AEB30FF7ECA6005CF70D /* blocks.png in Resources */ = {isa = PBXBuildFile; fileRef = A928AEB20FF7ECA6005CF70D /* blocks.png */; };
		A928AEB60FF7ECC7005CF70D /* GameLayer.mm in Sources */ = {isa = PBXBuildFile; fileRef = A928AEB50FF7ECC7005CF70D /* GameLayer.mm */; };
		A94D1F090FF8274700E37FAF /* catcher.png in Resources */ = {isa = PBXBuildFile; fileRef = A94D1F070FF8274700E37FAF /* catcher.png */; };
		A94D1F0A0FF8274700E37FAF /* launcher.png in Resources */ = {isa = PBXBuildFile; fileRef = A94D1F080FF8274700E37FAF /* launcher.png */; };
/* End PBXBuildFile section */

/* Begin PBXFileReference section */
		1D30AB110D05D00D00671497 /* Foundation.framework */ = {isa = PBXFileReference; lastKnownFileType = wrapper.framework; name = Foundation.framework; path = System/Library/Frameworks/Foundation.framework; sourceTree = SDKROOT; };
		1D3623240D0F684500981E51 /* LaunchItAppDelegate.h */ = {isa = PBXFileReference; fileEncoding = 4; lastKnownFileType = sourcecode.c.h; path = LaunchItAppDelegate.h; sourceTree = "<group>"; };
		1D3623250D0F684500981E51 /* LaunchItAppDelegate.mm */ = {isa = PBXFileReference; fileEncoding = 4; lastKnownFileType = sourcecode.cpp.objcpp; path = LaunchItAppDelegate.mm; sourceTree = "<group>"; };
		1D6058910D05DD3D006BFB54 /* LaunchIt.app */ = {isa = PBXFileReference; explicitFileType = wrapper.application; includeInIndex = 0; path = LaunchIt.app; sourceTree = BUILT_PRODUCTS_DIR; };
		1DF5F4DF0D08C38300B7A737 /* UIKit.framework */ = {isa = PBXFileReference; lastKnownFileType = wrapper.framework; name = UIKit.framework; path = System/Library/Frameworks/UIKit.framework; sourceTree = SDKROOT; };
		288765FC0DF74451002DB57D /* CoreGraphics.framework */ = {isa = PBXFileReference; lastKnownFileType = wrapper.framework; name = CoreGraphics.framework; path = System/Library/Frameworks/CoreGraphics.framework; sourceTree = SDKROOT; };
		29B97316FDCFA39411CA2CEA /* main.m */ = {isa = PBXFileReference; fileEncoding = 4; lastKnownFileType = sourcecode.c.objc; path = main.m; sourceTree = "<group>"; };
		32CA4F630368D1EE00C91783 /* LaunchIt_Prefix.pch */ = {isa = PBXFileReference; fileEncoding = 4; lastKnownFileType = sourcecode.c.h; path = LaunchIt_Prefix.pch; sourceTree = "<group>"; };
		8D1107310486CEB800E47090 /* LaunchIt-Info.plist */ = {isa = PBXFileReference; fileEncoding = 4; lastKnownFileType = text.plist.xml; path = "LaunchIt-Info.plist"; plistStructureDefinitionIdentifier = "com.apple.xcode.plist.structure-definition.iphone.info-plist"; sourceTree = "<group>"; };
		A928AD4E0FF7EBAF005CF70D /* OpenGLES.framework */ = {isa = PBXFileReference; lastKnownFileType = wrapper.framework; name = OpenGLES.framework; path = System/Library/Frameworks/OpenGLES.framework; sourceTree = SDKROOT; };
		A928AD500FF7EBAF005CF70D /* QuartzCore.framework */ = {isa = PBXFileReference; lastKnownFileType = wrapper.framework; name = QuartzCore.framework; path = System/Library/Frameworks/QuartzCore.framework; sourceTree = SDKROOT; };
		A928AD880FF7EBFC005CF70D /* Action.h */ = {isa = PBXFileReference; fileEncoding = 4; lastKnownFileType = sourcecode.c.h; path = Action.h; sourceTree = "<group>"; };
		A928AD890FF7EBFC005CF70D /* Action.m */ = {isa = PBXFileReference; fileEncoding = 4; lastKnownFileType = sourcecode.c.objc; path = Action.m; sourceTree = "<group>"; };
		A928AD8A0FF7EBFC005CF70D /* AtlasNode.h */ = {isa = PBXFileReference; fileEncoding = 4; lastKnownFileType = sourcecode.c.h; path = AtlasNode.h; sourceTree = "<group>"; };
		A928AD8B0FF7EBFC005CF70D /* AtlasNode.m */ = {isa = PBXFileReference; fileEncoding = 4; lastKnownFileType = sourcecode.c.objc; path = AtlasNode.m; sourceTree = "<group>"; };
		A928AD8C0FF7EBFC005CF70D /* AtlasSprite.h */ = {isa = PBXFileReference; fileEncoding = 4; lastKnownFileType = sourcecode.c.h; path = AtlasSprite.h; sourceTree = "<group>"; };
		A928AD8D0FF7EBFC005CF70D /* AtlasSprite.m */ = {isa = PBXFileReference; fileEncoding = 4; lastKnownFileType = sourcecode.c.objc; path = AtlasSprite.m; sourceTree = "<group>"; };
		A928AD8E0FF7EBFC005CF70D /* AtlasSpriteManager.h */ = {isa = PBXFileReference; fileEncoding = 4; lastKnownFileType = sourcecode.c.h; path = AtlasSpriteManager.h; sourceTree = "<group>"; };
		A928AD8F0FF7EBFC005CF70D /* AtlasSpriteManager.m */ = {isa = PBXFileReference; fileEncoding = 4; lastKnownFileType = sourcecode.c.objc; path = AtlasSpriteManager.m; sourceTree = "<group>"; };
		A928AD900FF7EBFC005CF70D /* BitmapFontAtlas.h */ = {isa = PBXFileReference; fileEncoding = 4; lastKnownFileType = sourcecode.c.h; path = BitmapFontAtlas.h; sourceTree = "<group>"; };
		A928AD910FF7EBFC005CF70D /* BitmapFontAtlas.m */ = {isa = PBXFileReference; fileEncoding = 4; lastKnownFileType = sourcecode.c.objc; path = BitmapFontAtlas.m; sourceTree = "<group>"; };
		A928AD920FF7EBFC005CF70D /* Camera.h */ = {isa = PBXFileReference; fileEncoding = 4; lastKnownFileType = sourcecode.c.h; path = Camera.h; sourceTree = "<group>"; };
		A928AD930FF7EBFC005CF70D /* Camera.m */ = {isa = PBXFileReference; fileEncoding = 4; lastKnownFileType = sourcecode.c.objc; path = Camera.m; sourceTree = "<group>"; };
		A928AD940FF7EBFC005CF70D /* CameraAction.h */ = {isa = PBXFileReference; fileEncoding = 4; lastKnownFileType = sourcecode.c.h; path = CameraAction.h; sourceTree = "<group>"; };
		A928AD950FF7EBFC005CF70D /* CameraAction.m */ = {isa = PBXFileReference; fileEncoding = 4; lastKnownFileType = sourcecode.c.objc; path = CameraAction.m; sourceTree = "<group>"; };
		A928AD960FF7EBFC005CF70D /* ccExceptions.h */ = {isa = PBXFileReference; fileEncoding = 4; lastKnownFileType = sourcecode.c.h; path = ccExceptions.h; sourceTree = "<group>"; };
		A928AD970FF7EBFC005CF70D /* ccMacros.h */ = {isa = PBXFileReference; fileEncoding = 4; lastKnownFileType = sourcecode.c.h; path = ccMacros.h; sourceTree = "<group>"; };
		A928AD980FF7EBFC005CF70D /* ccTypes.h */ = {isa = PBXFileReference; fileEncoding = 4; lastKnownFileType = sourcecode.c.h; path = ccTypes.h; sourceTree = "<group>"; };
		A928AD990FF7EBFC005CF70D /* cocos2d.h */ = {isa = PBXFileReference; fileEncoding = 4; lastKnownFileType = sourcecode.c.h; path = cocos2d.h; sourceTree = "<group>"; };
		A928AD9A0FF7EBFC005CF70D /* cocos2d.m */ = {isa = PBXFileReference; fileEncoding = 4; lastKnownFileType = sourcecode.c.objc; path = cocos2d.m; sourceTree = "<group>"; };
		A928AD9B0FF7EBFC005CF70D /* CocosNode.h */ = {isa = PBXFileReference; fileEncoding = 4; lastKnownFileType = sourcecode.c.h; path = CocosNode.h; sourceTree = "<group>"; };
		A928AD9C0FF7EBFC005CF70D /* CocosNode.m */ = {isa = PBXFileReference; fileEncoding = 4; lastKnownFileType = sourcecode.c.objc; path = CocosNode.m; sourceTree = "<group>"; };
		A928AD9D0FF7EBFC005CF70D /* Director.h */ = {isa = PBXFileReference; fileEncoding = 4; lastKnownFileType = sourcecode.c.h; path = Director.h; sourceTree = "<group>"; };
		A928AD9E0FF7EBFC005CF70D /* Director.m */ = {isa = PBXFileReference; fileEncoding = 4; lastKnownFileType = sourcecode.c.objc; path = Director.m; sourceTree = "<group>"; };
		A928AD9F0FF7EBFC005CF70D /* EaseAction.h */ = {isa = PBXFileReference; fileEncoding = 4; lastKnownFileType = sourcecode.c.h; path = EaseAction.h; sourceTree = "<group>"; };
		A928ADA00FF7EBFC005CF70D /* EaseAction.m */ = {isa = PBXFileReference; fileEncoding = 4; lastKnownFileType = sourcecode.c.objc; path = EaseAction.m; sourceTree = "<group>"; };
		A928ADA10FF7EBFC005CF70D /* Grabber.h */ = {isa = PBXFileReference; fileEncoding = 4; lastKnownFileType = sourcecode.c.h; path = Grabber.h; sourceTree = "<group>"; };
		A928ADA20FF7EBFC005CF70D /* Grabber.m */ = {isa = PBXFileReference; fileEncoding = 4; lastKnownFileType = sourcecode.c.objc; path = Grabber.m; sourceTree = "<group>"; };
		A928ADA30FF7EBFC005CF70D /* Grid.h */ = {isa = PBXFileReference; fileEncoding = 4; lastKnownFileType = sourcecode.c.h; path = Grid.h; sourceTree = "<group>"; };
		A928ADA40FF7EBFC005CF70D /* Grid.m */ = {isa = PBXFileReference; fileEncoding = 4; lastKnownFileType = sourcecode.c.objc; path = Grid.m; sourceTree = "<group>"; };
		A928ADA50FF7EBFC005CF70D /* Grid3DAction.h */ = {isa = PBXFileReference; fileEncoding = 4; lastKnownFileType = sourcecode.c.h; path = Grid3DAction.h; sourceTree = "<group>"; };
		A928ADA60FF7EBFC005CF70D /* Grid3DAction.m */ = {isa = PBXFileReference; fileEncoding = 4; lastKnownFileType = sourcecode.c.objc; path = Grid3DAction.m; sourceTree = "<group>"; };
		A928ADA70FF7EBFC005CF70D /* GridAction.h */ = {isa = PBXFileReference; fileEncoding = 4; lastKnownFileType = sourcecode.c.h; path = GridAction.h; sourceTree = "<group>"; };
		A928ADA80FF7EBFC005CF70D /* GridAction.m */ = {isa = PBXFileReference; fileEncoding = 4; lastKnownFileType = sourcecode.c.objc; path = GridAction.m; sourceTree = "<group>"; };
		A928ADA90FF7EBFC005CF70D /* InstantAction.h */ = {isa = PBXFileReference; fileEncoding = 4; lastKnownFileType = sourcecode.c.h; path = InstantAction.h; sourceTree = "<group>"; };
		A928ADAA0FF7EBFC005CF70D /* InstantAction.m */ = {isa = PBXFileReference; fileEncoding = 4; lastKnownFileType = sourcecode.c.objc; path = InstantAction.m; sourceTree = "<group>"; };
		A928ADAB0FF7EBFC005CF70D /* IntervalAction.h */ = {isa = PBXFileReference; fileEncoding = 4; lastKnownFileType = sourcecode.c.h; path = IntervalAction.h; sourceTree = "<group>"; };
		A928ADAC0FF7EBFC005CF70D /* IntervalAction.m */ = {isa = PBXFileReference; fileEncoding = 4; lastKnownFileType = sourcecode.c.objc; path = IntervalAction.m; sourceTree = "<group>"; };
		A928ADAD0FF7EBFC005CF70D /* Label.h */ = {isa = PBXFileReference; fileEncoding = 4; lastKnownFileType = sourcecode.c.h; path = Label.h; sourceTree = "<group>"; };
		A928ADAE0FF7EBFC005CF70D /* Label.m */ = {isa = PBXFileReference; fileEncoding = 4; lastKnownFileType = sourcecode.c.objc; path = Label.m; sourceTree = "<group>"; };
		A928ADAF0FF7EBFC005CF70D /* LabelAtlas.h */ = {isa = PBXFileReference; fileEncoding = 4; lastKnownFileType = sourcecode.c.h; path = LabelAtlas.h; sourceTree = "<group>"; };
		A928ADB00FF7EBFC005CF70D /* LabelAtlas.m */ = {isa = PBXFileReference; fileEncoding = 4; lastKnownFileType = sourcecode.c.objc; path = LabelAtlas.m; sourceTree = "<group>"; };
		A928ADB10FF7EBFC005CF70D /* Layer.h */ = {isa = PBXFileReference; fileEncoding = 4; lastKnownFileType = sourcecode.c.h; path = Layer.h; sourceTree = "<group>"; };
		A928ADB20FF7EBFC005CF70D /* Layer.m */ = {isa = PBXFileReference; fileEncoding = 4; lastKnownFileType = sourcecode.c.objc; path = Layer.m; sourceTree = "<group>"; };
		A928ADB30FF7EBFC005CF70D /* Menu.h */ = {isa = PBXFileReference; fileEncoding = 4; lastKnownFileType = sourcecode.c.h; path = Menu.h; sourceTree = "<group>"; };
		A928ADB40FF7EBFC005CF70D /* Menu.m */ = {isa = PBXFileReference; fileEncoding = 4; lastKnownFileType = sourcecode.c.objc; path = Menu.m; sourceTree = "<group>"; };
		A928ADB50FF7EBFC005CF70D /* MenuItem.h */ = {isa = PBXFileReference; fileEncoding = 4; lastKnownFileType = sourcecode.c.h; path = MenuItem.h; sourceTree = "<group>"; };
		A928ADB60FF7EBFC005CF70D /* MenuItem.m */ = {isa = PBXFileReference; fileEncoding = 4; lastKnownFileType = sourcecode.c.objc; path = MenuItem.m; sourceTree = "<group>"; };
		A928ADB70FF7EBFC005CF70D /* ParallaxNode.h */ = {isa = PBXFileReference; fileEncoding = 4; lastKnownFileType = sourcecode.c.h; path = ParallaxNode.h; sourceTree = "<group>"; };
		A928ADB80FF7EBFC005CF70D /* ParallaxNode.m */ = {isa = PBXFileReference; fileEncoding = 4; lastKnownFileType = sourcecode.c.objc; path = ParallaxNode.m; sourceTree = "<group>"; };
		A928ADB90FF7EBFC005CF70D /* ParticleExamples.h */ = {isa = PBXFileReference; fileEncoding = 4; lastKnownFileType = sourcecode.c.h; path = ParticleExamples.h; sourceTree = "<group>"; };
		A928ADBA0FF7EBFC005CF70D /* ParticleExamples.m */ = {isa = PBXFileReference; fileEncoding = 4; lastKnownFileType = sourcecode.c.objc; path = ParticleExamples.m; sourceTree = "<group>"; };
		A928ADBB0FF7EBFC005CF70D /* ParticleSystem.h */ = {isa = PBXFileReference; fileEncoding = 4; lastKnownFileType = sourcecode.c.h; path = ParticleSystem.h; sourceTree = "<group>"; };
		A928ADBC0FF7EBFC005CF70D /* ParticleSystem.m */ = {isa = PBXFileReference; fileEncoding = 4; lastKnownFileType = sourcecode.c.objc; path = ParticleSystem.m; sourceTree = "<group>"; };
		A928ADBD0FF7EBFC005CF70D /* PointParticleSystem.h */ = {isa = PBXFileReference; fileEncoding = 4; lastKnownFileType = sourcecode.c.h; path = PointParticleSystem.h; sourceTree = "<group>"; };
		A928ADBE0FF7EBFC005CF70D /* PointParticleSystem.m */ = {isa = PBXFileReference; fileEncoding = 4; lastKnownFileType = sourcecode.c.objc; path = PointParticleSystem.m; sourceTree = "<group>"; };
		A928ADBF0FF7EBFC005CF70D /* Primitives.h */ = {isa = PBXFileReference; fileEncoding = 4; lastKnownFileType = sourcecode.c.h; path = Primitives.h; sourceTree = "<group>"; };
		A928ADC00FF7EBFC005CF70D /* Primitives.m */ = {isa = PBXFileReference; fileEncoding = 4; lastKnownFileType = sourcecode.c.objc; path = Primitives.m; sourceTree = "<group>"; };
		A928ADC10FF7EBFC005CF70D /* QuadParticleSystem.h */ = {isa = PBXFileReference; fileEncoding = 4; lastKnownFileType = sourcecode.c.h; path = QuadParticleSystem.h; sourceTree = "<group>"; };
		A928ADC20FF7EBFC005CF70D /* QuadParticleSystem.m */ = {isa = PBXFileReference; fileEncoding = 4; lastKnownFileType = sourcecode.c.objc; path = QuadParticleSystem.m; sourceTree = "<group>"; };
		A928ADC30FF7EBFC005CF70D /* Scene.h */ = {isa = PBXFileReference; fileEncoding = 4; lastKnownFileType = sourcecode.c.h; path = Scene.h; sourceTree = "<group>"; };
		A928ADC40FF7EBFC005CF70D /* Scene.m */ = {isa = PBXFileReference; fileEncoding = 4; lastKnownFileType = sourcecode.c.objc; path = Scene.m; sourceTree = "<group>"; };
		A928ADC50FF7EBFC005CF70D /* Scheduler.h */ = {isa = PBXFileReference; fileEncoding = 4; lastKnownFileType = sourcecode.c.h; path = Scheduler.h; sourceTree = "<group>"; };
		A928ADC60FF7EBFC005CF70D /* Scheduler.m */ = {isa = PBXFileReference; fileEncoding = 4; lastKnownFileType = sourcecode.c.objc; path = Scheduler.m; sourceTree = "<group>"; };
		A928ADC70FF7EBFC005CF70D /* Sprite.h */ = {isa = PBXFileReference; fileEncoding = 4; lastKnownFileType = sourcecode.c.h; path = Sprite.h; sourceTree = "<group>"; };
		A928ADC80FF7EBFC005CF70D /* Sprite.m */ = {isa = PBXFileReference; fileEncoding = 4; lastKnownFileType = sourcecode.c.objc; path = Sprite.m; sourceTree = "<group>"; };
		A928ADCA0FF7EBFC005CF70D /* ccArray.h */ = {isa = PBXFileReference; fileEncoding = 4; lastKnownFileType = sourcecode.c.h; path = ccArray.h; sourceTree = "<group>"; };
		A928ADCB0FF7EBFC005CF70D /* CGPointExtension.h */ = {isa = PBXFileReference; fileEncoding = 4; lastKnownFileType = sourcecode.c.h; path = CGPointExtension.h; sourceTree = "<group>"; };
		A928ADCC0FF7EBFC005CF70D /* CGPointExtension.m */ = {isa = PBXFileReference; fileEncoding = 4; lastKnownFileType = sourcecode.c.objc; path = CGPointExtension.m; sourceTree = "<group>"; };
		A928ADCD0FF7EBFC005CF70D /* EAGLView.h */ = {isa = PBXFileReference; fileEncoding = 4; lastKnownFileType = sourcecode.c.h; path = EAGLView.h; sourceTree = "<group>"; };
		A928ADCE0FF7EBFC005CF70D /* EAGLView.m */ = {isa = PBXFileReference; fileEncoding = 4; lastKnownFileType = sourcecode.c.objc; path = EAGLView.m; sourceTree = "<group>"; };
		A928ADCF0FF7EBFC005CF70D /* FileUtils.h */ = {isa = PBXFileReference; fileEncoding = 4; lastKnownFileType = sourcecode.c.h; path = FileUtils.h; sourceTree = "<group>"; };
		A928ADD00FF7EBFC005CF70D /* FileUtils.m */ = {isa = PBXFileReference; fileEncoding = 4; lastKnownFileType = sourcecode.c.objc; path = FileUtils.m; sourceTree = "<group>"; };
		A928ADD10FF7EBFC005CF70D /* glu.c */ = {isa = PBXFileReference; fileEncoding = 4; lastKnownFileType = sourcecode.c.c; path = glu.c; sourceTree = "<group>"; };
		A928ADD20FF7EBFC005CF70D /* glu.h */ = {isa = PBXFileReference; fileEncoding = 4; lastKnownFileType = sourcecode.c.h; path = glu.h; sourceTree = "<group>"; };
		A928ADD30FF7EBFC005CF70D /* OpenGL_Internal.h */ = {isa = PBXFileReference; fileEncoding = 4; lastKnownFileType = sourcecode.c.h; path = OpenGL_Internal.h; sourceTree = "<group>"; };
		A928ADD40FF7EBFC005CF70D /* PVRTexture.h */ = {isa = PBXFileReference; fileEncoding = 4; lastKnownFileType = sourcecode.c.h; path = PVRTexture.h; sourceTree = "<group>"; };
		A928ADD50FF7EBFC005CF70D /* PVRTexture.m */ = {isa = PBXFileReference; fileEncoding = 4; lastKnownFileType = sourcecode.c.objc; path = PVRTexture.m; sourceTree = "<group>"; };
		A928ADD60FF7EBFC005CF70D /* Texture2D.h */ = {isa = PBXFileReference; fileEncoding = 4; lastKnownFileType = sourcecode.c.h; path = Texture2D.h; sourceTree = "<group>"; };
		A928ADD70FF7EBFC005CF70D /* Texture2D.m */ = {isa = PBXFileReference; fileEncoding = 4; lastKnownFileType = sourcecode.c.objc; path = Texture2D.m; sourceTree = "<group>"; };
		A928ADD80FF7EBFC005CF70D /* TGAlib.h */ = {isa = PBXFileReference; fileEncoding = 4; lastKnownFileType = sourcecode.c.h; path = TGAlib.h; sourceTree = "<group>"; };
		A928ADD90FF7EBFC005CF70D /* TGAlib.m */ = {isa = PBXFileReference; fileEncoding = 4; lastKnownFileType = sourcecode.c.objc; path = TGAlib.m; sourceTree = "<group>"; };
		A928ADDA0FF7EBFC005CF70D /* TransformUtils.h */ = {isa = PBXFileReference; fileEncoding = 4; lastKnownFileType = sourcecode.c.h; path = TransformUtils.h; sourceTree = "<group>"; };
		A928ADDB0FF7EBFC005CF70D /* TransformUtils.m */ = {isa = PBXFileReference; fileEncoding = 4; lastKnownFileType = sourcecode.c.objc; path = TransformUtils.m; sourceTree = "<group>"; };
		A928ADDC0FF7EBFC005CF70D /* UIColor-OpenGL.h */ = {isa = PBXFileReference; fileEncoding = 4; lastKnownFileType = sourcecode.c.h; path = "UIColor-OpenGL.h"; sourceTree = "<group>"; };
		A928ADDD0FF7EBFC005CF70D /* UIColor-OpenGL.m */ = {isa = PBXFileReference; fileEncoding = 4; lastKnownFileType = sourcecode.c.objc; path = "UIColor-OpenGL.m"; sourceTree = "<group>"; };
		A928ADDE0FF7EBFC005CF70D /* TextureAtlas.h */ = {isa = PBXFileReference; fileEncoding = 4; lastKnownFileType = sourcecode.c.h; path = TextureAtlas.h; sourceTree = "<group>"; };
		A928ADDF0FF7EBFC005CF70D /* TextureAtlas.m */ = {isa = PBXFileReference; fileEncoding = 4; lastKnownFileType = sourcecode.c.objc; path = TextureAtlas.m; sourceTree = "<group>"; };
		A928ADE00FF7EBFC005CF70D /* TextureMgr.h */ = {isa = PBXFileReference; fileEncoding = 4; lastKnownFileType = sourcecode.c.h; path = TextureMgr.h; sourceTree = "<group>"; };
		A928ADE10FF7EBFC005CF70D /* TextureMgr.m */ = {isa = PBXFileReference; fileEncoding = 4; lastKnownFileType = sourcecode.c.objc; path = TextureMgr.m; sourceTree = "<group>"; };
		A928ADE20FF7EBFC005CF70D /* TextureNode.h */ = {isa = PBXFileReference; fileEncoding = 4; lastKnownFileType = sourcecode.c.h; path = TextureNode.h; sourceTree = "<group>"; };
		A928ADE30FF7EBFC005CF70D /* TextureNode.m */ = {isa = PBXFileReference; fileEncoding = 4; lastKnownFileType = sourcecode.c.objc; path = TextureNode.m; sourceTree = "<group>"; };
		A928ADE40FF7EBFC005CF70D /* TiledGridAction.h */ = {isa = PBXFileReference; fileEncoding = 4; lastKnownFileType = sourcecode.c.h; path = TiledGridAction.h; sourceTree = "<group>"; };
		A928ADE50FF7EBFC005CF70D /* TiledGridAction.m */ = {isa = PBXFileReference; fileEncoding = 4; lastKnownFileType = sourcecode.c.objc; path = TiledGridAction.m; sourceTree = "<group>"; };
		A928ADE60FF7EBFC005CF70D /* TileMapAtlas.h */ = {isa = PBXFileReference; fileEncoding = 4; lastKnownFileType = sourcecode.c.h; path = TileMapAtlas.h; sourceTree = "<group>"; };
		A928ADE70FF7EBFC005CF70D /* TileMapAtlas.m */ = {isa = PBXFileReference; fileEncoding = 4; lastKnownFileType = sourcecode.c.objc; path = TileMapAtlas.m; sourceTree = "<group>"; };
		A928ADE80FF7EBFC005CF70D /* TouchDelegateProtocol.h */ = {isa = PBXFileReference; fileEncoding = 4; lastKnownFileType = sourcecode.c.h; path = TouchDelegateProtocol.h; sourceTree = "<group>"; };
		A928ADE90FF7EBFC005CF70D /* TouchDispatcher.h */ = {isa = PBXFileReference; fileEncoding = 4; lastKnownFileType = sourcecode.c.h; path = TouchDispatcher.h; sourceTree = "<group>"; };
		A928ADEA0FF7EBFC005CF70D /* TouchDispatcher.m */ = {isa = PBXFileReference; fileEncoding = 4; lastKnownFileType = sourcecode.c.objc; path = TouchDispatcher.m; sourceTree = "<group>"; };
		A928ADEB0FF7EBFC005CF70D /* TouchHandler.h */ = {isa = PBXFileReference; fileEncoding = 4; lastKnownFileType = sourcecode.c.h; path = TouchHandler.h; sourceTree = "<group>"; };
		A928ADEC0FF7EBFC005CF70D /* TouchHandler.m */ = {isa = PBXFileReference; fileEncoding = 4; lastKnownFileType = sourcecode.c.objc; path = TouchHandler.m; sourceTree = "<group>"; };
		A928ADED0FF7EBFC005CF70D /* Transition.h */ = {isa = PBXFileReference; fileEncoding = 4; lastKnownFileType = sourcecode.c.h; path = Transition.h; sourceTree = "<group>"; };
		A928ADEE0FF7EBFC005CF70D /* Transition.m */ = {isa = PBXFileReference; fileEncoding = 4; lastKnownFileType = sourcecode.c.objc; path = Transition.m; sourceTree = "<group>"; };
		A928AE290FF7EC14005CF70D /* Box2D.h */ = {isa = PBXFileReference; fileEncoding = 4; lastKnownFileType = sourcecode.c.h; path = Box2D.h; sourceTree = "<group>"; };
		A928AE2C0FF7EC14005CF70D /* b2BroadPhase.cpp */ = {isa = PBXFileReference; fileEncoding = 4; lastKnownFileType = sourcecode.cpp.cpp; path = b2BroadPhase.cpp; sourceTree = "<group>"; };
		A928AE2D0FF7EC14005CF70D /* b2BroadPhase.h */ = {isa = PBXFileReference; fileEncoding = 4; lastKnownFileType = sourcecode.c.h; path = b2BroadPhase.h; sourceTree = "<group>"; };
		A928AE2E0FF7EC14005CF70D /* b2CollideCircle.cpp */ = {isa = PBXFileReference; fileEncoding = 4; lastKnownFileType = sourcecode.cpp.cpp; path = b2CollideCircle.cpp; sourceTree = "<group>"; };
		A928AE2F0FF7EC14005CF70D /* b2CollidePoly.cpp */ = {isa = PBXFileReference; fileEncoding = 4; lastKnownFileType = sourcecode.cpp.cpp; path = b2CollidePoly.cpp; sourceTree = "<group>"; };
		A928AE300FF7EC14005CF70D /* b2Collision.cpp */ = {isa = PBXFileReference; fileEncoding = 4; lastKnownFileType = sourcecode.cpp.cpp; path = b2Collision.cpp; sourceTree = "<group>"; };
		A928AE310FF7EC14005CF70D /* b2Collision.h */ = {isa = PBXFileReference; fileEncoding = 4; lastKnownFileType = sourcecode.c.h; path = b2Collision.h; sourceTree = "<group>"; };
		A928AE320FF7EC14005CF70D /* b2Distance.cpp */ = {isa = PBXFileReference; fileEncoding = 4; lastKnownFileType = sourcecode.cpp.cpp; path = b2Distance.cpp; sourceTree = "<group>"; };
		A928AE330FF7EC14005CF70D /* b2PairManager.cpp */ = {isa = PBXFileReference; fileEncoding = 4; lastKnownFileType = sourcecode.cpp.cpp; path = b2PairManager.cpp; sourceTree = "<group>"; };
		A928AE340FF7EC14005CF70D /* b2PairManager.h */ = {isa = PBXFileReference; fileEncoding = 4; lastKnownFileType = sourcecode.c.h; path = b2PairManager.h; sourceTree = "<group>"; };
		A928AE350FF7EC14005CF70D /* b2TimeOfImpact.cpp */ = {isa = PBXFileReference; fileEncoding = 4; lastKnownFileType = sourcecode.cpp.cpp; path = b2TimeOfImpact.cpp; sourceTree = "<group>"; };
		A928AE370FF7EC14005CF70D /* b2CircleShape.cpp */ = {isa = PBXFileReference; fileEncoding = 4; lastKnownFileType = sourcecode.cpp.cpp; path = b2CircleShape.cpp; sourceTree = "<group>"; };
		A928AE380FF7EC14005CF70D /* b2CircleShape.h */ = {isa = PBXFileReference; fileEncoding = 4; lastKnownFileType = sourcecode.c.h; path = b2CircleShape.h; sourceTree = "<group>"; };
		A928AE390FF7EC14005CF70D /* b2EdgeShape.cpp */ = {isa = PBXFileReference; fileEncoding = 4; lastKnownFileType = sourcecode.cpp.cpp; path = b2EdgeShape.cpp; sourceTree = "<group>"; };
		A928AE3A0FF7EC14005CF70D /* b2EdgeShape.h */ = {isa = PBXFileReference; fileEncoding = 4; lastKnownFileType = sourcecode.c.h; path = b2EdgeShape.h; sourceTree = "<group>"; };
		A928AE3B0FF7EC14005CF70D /* b2PolygonShape.cpp */ = {isa = PBXFileReference; fileEncoding = 4; lastKnownFileType = sourcecode.cpp.cpp; path = b2PolygonShape.cpp; sourceTree = "<group>"; };
		A928AE3C0FF7EC14005CF70D /* b2PolygonShape.h */ = {isa = PBXFileReference; fileEncoding = 4; lastKnownFileType = sourcecode.c.h; path = b2PolygonShape.h; sourceTree = "<group>"; };
		A928AE3D0FF7EC14005CF70D /* b2Shape.cpp */ = {isa = PBXFileReference; fileEncoding = 4; lastKnownFileType = sourcecode.cpp.cpp; path = b2Shape.cpp; sourceTree = "<group>"; };
		A928AE3E0FF7EC14005CF70D /* b2Shape.h */ = {isa = PBXFileReference; fileEncoding = 4; lastKnownFileType = sourcecode.c.h; path = b2Shape.h; sourceTree = "<group>"; };
		A928AE400FF7EC14005CF70D /* b2BlockAllocator.cpp */ = {isa = PBXFileReference; fileEncoding = 4; lastKnownFileType = sourcecode.cpp.cpp; path = b2BlockAllocator.cpp; sourceTree = "<group>"; };
		A928AE410FF7EC14005CF70D /* b2BlockAllocator.h */ = {isa = PBXFileReference; fileEncoding = 4; lastKnownFileType = sourcecode.c.h; path = b2BlockAllocator.h; sourceTree = "<group>"; };
		A928AE420FF7EC14005CF70D /* b2Math.cpp */ = {isa = PBXFileReference; fileEncoding = 4; lastKnownFileType = sourcecode.cpp.cpp; path = b2Math.cpp; sourceTree = "<group>"; };
		A928AE430FF7EC14005CF70D /* b2Math.h */ = {isa = PBXFileReference; fileEncoding = 4; lastKnownFileType = sourcecode.c.h; path = b2Math.h; sourceTree = "<group>"; };
		A928AE440FF7EC14005CF70D /* b2Settings.cpp */ = {isa = PBXFileReference; fileEncoding = 4; lastKnownFileType = sourcecode.cpp.cpp; path = b2Settings.cpp; sourceTree = "<group>"; };
		A928AE450FF7EC14005CF70D /* b2Settings.h */ = {isa = PBXFileReference; fileEncoding = 4; lastKnownFileType = sourcecode.c.h; path = b2Settings.h; sourceTree = "<group>"; };
		A928AE460FF7EC14005CF70D /* b2StackAllocator.cpp */ = {isa = PBXFileReference; fileEncoding = 4; lastKnownFileType = sourcecode.cpp.cpp; path = b2StackAllocator.cpp; sourceTree = "<group>"; };
		A928AE470FF7EC14005CF70D /* b2StackAllocator.h */ = {isa = PBXFileReference; fileEncoding = 4; lastKnownFileType = sourcecode.c.h; path = b2StackAllocator.h; sourceTree = "<group>"; };
		A928AE480FF7EC14005CF70D /* Fixed.h */ = {isa = PBXFileReference; fileEncoding = 4; lastKnownFileType = sourcecode.c.h; path = Fixed.h; sourceTree = "<group>"; };
		A928AE490FF7EC14005CF70D /* jtypes.h */ = {isa = PBXFileReference; fileEncoding = 4; lastKnownFileType = sourcecode.c.h; path = jtypes.h; sourceTree = "<group>"; };
		A928AE4B0FF7EC14005CF70D /* b2Body.cpp */ = {isa = PBXFileReference; fileEncoding = 4; lastKnownFileType = sourcecode.cpp.cpp; path = b2Body.cpp; sourceTree = "<group>"; };
		A928AE4C0FF7EC14005CF70D /* b2Body.h */ = {isa = PBXFileReference; fileEncoding = 4; lastKnownFileType = sourcecode.c.h; path = b2Body.h; sourceTree = "<group>"; };
		A928AE4D0FF7EC14005CF70D /* b2ContactManager.cpp */ = {isa = PBXFileReference; fileEncoding = 4; lastKnownFileType = sourcecode.cpp.cpp; path = b2ContactManager.cpp; sourceTree = "<group>"; };
		A928AE4E0FF7EC14005CF70D /* b2ContactManager.h */ = {isa = PBXFileReference; fileEncoding = 4; lastKnownFileType = sourcecode.c.h; path = b2ContactManager.h; sourceTree = "<group>"; };
		A928AE4F0FF7EC14005CF70D /* b2Island.cpp */ = {isa = PBXFileReference; fileEncoding = 4; lastKnownFileType = sourcecode.cpp.cpp; path = b2Island.cpp; sourceTree = "<group>"; };
		A928AE500FF7EC14005CF70D /* b2Island.h */ = {isa = PBXFileReference; fileEncoding = 4; lastKnownFileType = sourcecode.c.h; path = b2Island.h; sourceTree = "<group>"; };
		A928AE510FF7EC14005CF70D /* b2World.cpp */ = {isa = PBXFileReference; fileEncoding = 4; lastKnownFileType = sourcecode.cpp.cpp; path = b2World.cpp; sourceTree = "<group>"; };
		A928AE520FF7EC14005CF70D /* b2World.h */ = {isa = PBXFileReference; fileEncoding = 4; lastKnownFileType = sourcecode.c.h; path = b2World.h; sourceTree = "<group>"; };
		A928AE530FF7EC14005CF70D /* b2WorldCallbacks.cpp */ = {isa = PBXFileReference; fileEncoding = 4; lastKnownFileType = sourcecode.cpp.cpp; path = b2WorldCallbacks.cpp; sourceTree = "<group>"; };
		A928AE540FF7EC14005CF70D /* b2WorldCallbacks.h */ = {isa = PBXFileReference; fileEncoding = 4; lastKnownFileType = sourcecode.c.h; path = b2WorldCallbacks.h; sourceTree = "<group>"; };
		A928AE560FF7EC14005CF70D /* b2CircleContact.cpp */ = {isa = PBXFileReference; fileEncoding = 4; lastKnownFileType = sourcecode.cpp.cpp; path = b2CircleContact.cpp; sourceTree = "<group>"; };
		A928AE570FF7EC14005CF70D /* b2CircleContact.h */ = {isa = PBXFileReference; fileEncoding = 4; lastKnownFileType = sourcecode.c.h; path = b2CircleContact.h; sourceTree = "<group>"; };
		A928AE580FF7EC14005CF70D /* b2Contact.cpp */ = {isa = PBXFileReference; fileEncoding = 4; lastKnownFileType = sourcecode.cpp.cpp; path = b2Contact.cpp; sourceTree = "<group>"; };
		A928AE590FF7EC14005CF70D /* b2Contact.h */ = {isa = PBXFileReference; fileEncoding = 4; lastKnownFileType = sourcecode.c.h; path = b2Contact.h; sourceTree = "<group>"; };
		A928AE5A0FF7EC14005CF70D /* b2ContactSolver.cpp */ = {isa = PBXFileReference; fileEncoding = 4; lastKnownFileType = sourcecode.cpp.cpp; path = b2ContactSolver.cpp; sourceTree = "<group>"; };
		A928AE5B0FF7EC14005CF70D /* b2ContactSolver.h */ = {isa = PBXFileReference; fileEncoding = 4; lastKnownFileType = sourcecode.c.h; path = b2ContactSolver.h; sourceTree = "<group>"; };
		A928AE5C0FF7EC14005CF70D /* b2EdgeAndCircleContact.cpp */ = {isa = PBXFileReference; fileEncoding = 4; lastKnownFileType = sourcecode.cpp.cpp; path = b2EdgeAndCircleContact.cpp; sourceTree = "<group>"; };
		A928AE5D0FF7EC14005CF70D /* b2EdgeAndCircleContact.h */ = {isa = PBXFileReference; fileEncoding = 4; lastKnownFileType = sourcecode.c.h; path = b2EdgeAndCircleContact.h; sourceTree = "<group>"; };
		A928AE5E0FF7EC14005CF70D /* b2NullContact.h */ = {isa = PBXFileReference; fileEncoding = 4; lastKnownFileType = sourcecode.c.h; path = b2NullContact.h; sourceTree = "<group>"; };
		A928AE5F0FF7EC14005CF70D /* b2PolyAndCircleContact.cpp */ = {isa = PBXFileReference; fileEncoding = 4; lastKnownFileType = sourcecode.cpp.cpp; path = b2PolyAndCircleContact.cpp; sourceTree = "<group>"; };
		A928AE600FF7EC14005CF70D /* b2PolyAndCircleContact.h */ = {isa = PBXFileReference; fileEncoding = 4; lastKnownFileType = sourcecode.c.h; path = b2PolyAndCircleContact.h; sourceTree = "<group>"; };
		A928AE610FF7EC14005CF70D /* b2PolyAndEdgeContact.cpp */ = {isa = PBXFileReference; fileEncoding = 4; lastKnownFileType = sourcecode.cpp.cpp; path = b2PolyAndEdgeContact.cpp; sourceTree = "<group>"; };
		A928AE620FF7EC14005CF70D /* b2PolyAndEdgeContact.h */ = {isa = PBXFileReference; fileEncoding = 4; lastKnownFileType = sourcecode.c.h; path = b2PolyAndEdgeContact.h; sourceTree = "<group>"; };
		A928AE630FF7EC14005CF70D /* b2PolyContact.cpp */ = {isa = PBXFileReference; fileEncoding = 4; lastKnownFileType = sourcecode.cpp.cpp; path = b2PolyContact.cpp; sourceTree = "<group>"; };
		A928AE640FF7EC14005CF70D /* b2PolyContact.h */ = {isa = PBXFileReference; fileEncoding = 4; lastKnownFileType = sourcecode.c.h; path = b2PolyContact.h; sourceTree = "<group>"; };
		A928AE660FF7EC14005CF70D /* b2BuoyancyController.cpp */ = {isa = PBXFileReference; fileEncoding = 4; lastKnownFileType = sourcecode.cpp.cpp; path = b2BuoyancyController.cpp; sourceTree = "<group>"; };
		A928AE670FF7EC14005CF70D /* b2BuoyancyController.h */ = {isa = PBXFileReference; fileEncoding = 4; lastKnownFileType = sourcecode.c.h; path = b2BuoyancyController.h; sourceTree = "<group>"; };
		A928AE680FF7EC14005CF70D /* b2ConstantAccelController.cpp */ = {isa = PBXFileReference; fileEncoding = 4; lastKnownFileType = sourcecode.cpp.cpp; path = b2ConstantAccelController.cpp; sourceTree = "<group>"; };
		A928AE690FF7EC14005CF70D /* b2ConstantAccelController.h */ = {isa = PBXFileReference; fileEncoding = 4; lastKnownFileType = sourcecode.c.h; path = b2ConstantAccelController.h; sourceTree = "<group>"; };
		A928AE6A0FF7EC14005CF70D /* b2ConstantForceController.cpp */ = {isa = PBXFileReference; fileEncoding = 4; lastKnownFileType = sourcecode.cpp.cpp; path = b2ConstantForceController.cpp; sourceTree = "<group>"; };
		A928AE6B0FF7EC14005CF70D /* b2ConstantForceController.h */ = {isa = PBXFileReference; fileEncoding = 4; lastKnownFileType = sourcecode.c.h; path = b2ConstantForceController.h; sourceTree = "<group>"; };
		A928AE6C0FF7EC14005CF70D /* b2Controller.cpp */ = {isa = PBXFileReference; fileEncoding = 4; lastKnownFileType = sourcecode.cpp.cpp; path = b2Controller.cpp; sourceTree = "<group>"; };
		A928AE6D0FF7EC14005CF70D /* b2Controller.h */ = {isa = PBXFileReference; fileEncoding = 4; lastKnownFileType = sourcecode.c.h; path = b2Controller.h; sourceTree = "<group>"; };
		A928AE6E0FF7EC14005CF70D /* b2GravityController.cpp */ = {isa = PBXFileReference; fileEncoding = 4; lastKnownFileType = sourcecode.cpp.cpp; path = b2GravityController.cpp; sourceTree = "<group>"; };
		A928AE6F0FF7EC14005CF70D /* b2GravityController.h */ = {isa = PBXFileReference; fileEncoding = 4; lastKnownFileType = sourcecode.c.h; path = b2GravityController.h; sourceTree = "<group>"; };
		A928AE700FF7EC14005CF70D /* b2TensorDampingController.cpp */ = {isa = PBXFileReference; fileEncoding = 4; lastKnownFileType = sourcecode.cpp.cpp; path = b2TensorDampingController.cpp; sourceTree = "<group>"; };
		A928AE710FF7EC14005CF70D /* b2TensorDampingController.h */ = {isa = PBXFileReference; fileEncoding = 4; lastKnownFileType = sourcecode.c.h; path = b2TensorDampingController.h; sourceTree = "<group>"; };
		A928AE730FF7EC14005CF70D /* b2DistanceJoint.cpp */ = {isa = PBXFileReference; fileEncoding = 4; lastKnownFileType = sourcecode.cpp.cpp; path = b2DistanceJoint.cpp; sourceTree = "<group>"; };
		A928AE740FF7EC14005CF70D /* b2DistanceJoint.h */ = {isa = PBXFileReference; fileEncoding = 4; lastKnownFileType = sourcecode.c.h; path = b2DistanceJoint.h; sourceTree = "<group>"; };
		A928AE750FF7EC14005CF70D /* b2GearJoint.cpp */ = {isa = PBXFileReference; fileEncoding = 4; lastKnownFileType = sourcecode.cpp.cpp; path = b2GearJoint.cpp; sourceTree = "<group>"; };
		A928AE760FF7EC14005CF70D /* b2GearJoint.h */ = {isa = PBXFileReference; fileEncoding = 4; lastKnownFileType = sourcecode.c.h; path = b2GearJoint.h; sourceTree = "<group>"; };
		A928AE770FF7EC14005CF70D /* b2Joint.cpp */ = {isa = PBXFileReference; fileEncoding = 4; lastKnownFileType = sourcecode.cpp.cpp; path = b2Joint.cpp; sourceTree = "<group>"; };
		A928AE780FF7EC14005CF70D /* b2Joint.h */ = {isa = PBXFileReference; fileEncoding = 4; lastKnownFileType = sourcecode.c.h; path = b2Joint.h; sourceTree = "<group>"; };
		A928AE790FF7EC14005CF70D /* b2LineJoint.cpp */ = {isa = PBXFileReference; fileEncoding = 4; lastKnownFileType = sourcecode.cpp.cpp; path = b2LineJoint.cpp; sourceTree = "<group>"; };
		A928AE7A0FF7EC14005CF70D /* b2LineJoint.h */ = {isa = PBXFileReference; fileEncoding = 4; lastKnownFileType = sourcecode.c.h; path = b2LineJoint.h; sourceTree = "<group>"; };
		A928AE7B0FF7EC14005CF70D /* b2MouseJoint.cpp */ = {isa = PBXFileReference; fileEncoding = 4; lastKnownFileType = sourcecode.cpp.cpp; path = b2MouseJoint.cpp; sourceTree = "<group>"; };
		A928AE7C0FF7EC14005CF70D /* b2MouseJoint.h */ = {isa = PBXFileReference; fileEncoding = 4; lastKnownFileType = sourcecode.c.h; path = b2MouseJoint.h; sourceTree = "<group>"; };
		A928AE7D0FF7EC14005CF70D /* b2PrismaticJoint.cpp */ = {isa = PBXFileReference; fileEncoding = 4; lastKnownFileType = sourcecode.cpp.cpp; path = b2PrismaticJoint.cpp; sourceTree = "<group>"; };
		A928AE7E0FF7EC14005CF70D /* b2PrismaticJoint.h */ = {isa = PBXFileReference; fileEncoding = 4; lastKnownFileType = sourcecode.c.h; path = b2PrismaticJoint.h; sourceTree = "<group>"; };
		A928AE7F0FF7EC14005CF70D /* b2PulleyJoint.cpp */ = {isa = PBXFileReference; fileEncoding = 4; lastKnownFileType = sourcecode.cpp.cpp; path = b2PulleyJoint.cpp; sourceTree = "<group>"; };
		A928AE800FF7EC14005CF70D /* b2PulleyJoint.h */ = {isa = PBXFileReference; fileEncoding = 4; lastKnownFileType = sourcecode.c.h; path = b2PulleyJoint.h; sourceTree = "<group>"; };
		A928AE810FF7EC14005CF70D /* b2RevoluteJoint.cpp */ = {isa = PBXFileReference; fileEncoding = 4; lastKnownFileType = sourcecode.cpp.cpp; path = b2RevoluteJoint.cpp; sourceTree = "<group>"; };
		A928AE820FF7EC14005CF70D /* b2RevoluteJoint.h */ = {isa = PBXFileReference; fileEncoding = 4; lastKnownFileType = sourcecode.c.h; path = b2RevoluteJoint.h; sourceTree = "<group>"; };
		A928AEAF0FF7EC54005CF70D /* fps_images.png */ = {isa = PBXFileReference; lastKnownFileType = image.png; path = fps_images.png; sourceTree = "<group>"; };
		A928AEB20FF7ECA6005CF70D /* blocks.png */ = {isa = PBXFileReference; lastKnownFileType = image.png; path = blocks.png; sourceTree = "<group>"; };
		A928AEB40FF7ECC7005CF70D /* GameLayer.h */ = {isa = PBXFileReference; explicitFileType = sourcecode.c.h; fileEncoding = 4; path = GameLayer.h; sourceTree = "<group>"; };
		A928AEB50FF7ECC7005CF70D /* GameLayer.mm */ = {isa = PBXFileReference; fileEncoding = 4; lastKnownFileType = sourcecode.cpp.objcpp; path = GameLayer.mm; sourceTree = "<group>"; };
		A94D1F070FF8274700E37FAF /* catcher.png */ = {isa = PBXFileReference; lastKnownFileType = image.png; path = catcher.png; sourceTree = "<group>"; };
		A94D1F080FF8274700E37FAF /* launcher.png */ = {isa = PBXFileReference; lastKnownFileType = image.png; path = launcher.png; sourceTree = "<group>"; };
/* End PBXFileReference section */

/* Begin PBXFrameworksBuildPhase section */
		1D60588F0D05DD3D006BFB54 /* Frameworks */ = {
			isa = PBXFrameworksBuildPhase;
			buildActionMask = 2147483647;
			files = (
				1D60589F0D05DD5A006BFB54 /* Foundation.framework in Frameworks */,
				1DF5F4E00D08C38300B7A737 /* UIKit.framework in Frameworks */,
				288765FD0DF74451002DB57D /* CoreGraphics.framework in Frameworks */,
				A928AD4F0FF7EBAF005CF70D /* OpenGLES.framework in Frameworks */,
				A928AD510FF7EBAF005CF70D /* QuartzCore.framework in Frameworks */,
			);
			runOnlyForDeploymentPostprocessing = 0;
		};
/* End PBXFrameworksBuildPhase section */

/* Begin PBXGroup section */
		080E96DDFE201D6D7F000001 /* Classes */ = {
			isa = PBXGroup;
			children = (
				1D3623240D0F684500981E51 /* LaunchItAppDelegate.h */,
				1D3623250D0F684500981E51 /* LaunchItAppDelegate.mm */,
				A928AEB40FF7ECC7005CF70D /* GameLayer.h */,
				A928AEB50FF7ECC7005CF70D /* GameLayer.mm */,
			);
			path = Classes;
			sourceTree = "<group>";
		};
		19C28FACFE9D520D11CA2CBB /* Products */ = {
			isa = PBXGroup;
			children = (
				1D6058910D05DD3D006BFB54 /* LaunchIt.app */,
			);
			name = Products;
			sourceTree = "<group>";
		};
		29B97314FDCFA39411CA2CEA /* CustomTemplate */ = {
			isa = PBXGroup;
			children = (
				080E96DDFE201D6D7F000001 /* Classes */,
				29B97315FDCFA39411CA2CEA /* Other Sources */,
				29B97317FDCFA39411CA2CEA /* Resources */,
				29B97323FDCFA39411CA2CEA /* Frameworks */,
				19C28FACFE9D520D11CA2CBB /* Products */,
			);
			name = CustomTemplate;
			sourceTree = "<group>";
		};
		29B97315FDCFA39411CA2CEA /* Other Sources */ = {
			isa = PBXGroup;
			children = (
				32CA4F630368D1EE00C91783 /* LaunchIt_Prefix.pch */,
				29B97316FDCFA39411CA2CEA /* main.m */,
			);
			name = "Other Sources";
			sourceTree = "<group>";
		};
		29B97317FDCFA39411CA2CEA /* Resources */ = {
			isa = PBXGroup;
			children = (
				A94D1F070FF8274700E37FAF /* catcher.png */,
				A94D1F080FF8274700E37FAF /* launcher.png */,
				A928AEB20FF7ECA6005CF70D /* blocks.png */,
				A928AEAF0FF7EC54005CF70D /* fps_images.png */,
				A928AE1F0FF7EC14005CF70D /* Box2d */,
				A928AD870FF7EBFC005CF70D /* cocos2d */,
				8D1107310486CEB800E47090 /* LaunchIt-Info.plist */,
			);
			name = Resources;
			sourceTree = "<group>";
		};
		29B97323FDCFA39411CA2CEA /* Frameworks */ = {
			isa = PBXGroup;
			children = (
				A928AD4E0FF7EBAF005CF70D /* OpenGLES.framework */,
				A928AD500FF7EBAF005CF70D /* QuartzCore.framework */,
				1DF5F4DF0D08C38300B7A737 /* UIKit.framework */,
				1D30AB110D05D00D00671497 /* Foundation.framework */,
				288765FC0DF74451002DB57D /* CoreGraphics.framework */,
			);
			name = Frameworks;
			sourceTree = "<group>";
		};
		A928AD870FF7EBFC005CF70D /* cocos2d */ = {
			isa = PBXGroup;
			children = (
				A928AD880FF7EBFC005CF70D /* Action.h */,
				A928AD890FF7EBFC005CF70D /* Action.m */,
				A928AD8A0FF7EBFC005CF70D /* AtlasNode.h */,
				A928AD8B0FF7EBFC005CF70D /* AtlasNode.m */,
				A928AD8C0FF7EBFC005CF70D /* AtlasSprite.h */,
				A928AD8D0FF7EBFC005CF70D /* AtlasSprite.m */,
				A928AD8E0FF7EBFC005CF70D /* AtlasSpriteManager.h */,
				A928AD8F0FF7EBFC005CF70D /* AtlasSpriteManager.m */,
				A928AD900FF7EBFC005CF70D /* BitmapFontAtlas.h */,
				A928AD910FF7EBFC005CF70D /* BitmapFontAtlas.m */,
				A928AD920FF7EBFC005CF70D /* Camera.h */,
				A928AD930FF7EBFC005CF70D /* Camera.m */,
				A928AD940FF7EBFC005CF70D /* CameraAction.h */,
				A928AD950FF7EBFC005CF70D /* CameraAction.m */,
				A928AD960FF7EBFC005CF70D /* ccExceptions.h */,
				A928AD970FF7EBFC005CF70D /* ccMacros.h */,
				A928AD980FF7EBFC005CF70D /* ccTypes.h */,
				A928AD990FF7EBFC005CF70D /* cocos2d.h */,
				A928AD9A0FF7EBFC005CF70D /* cocos2d.m */,
				A928AD9B0FF7EBFC005CF70D /* CocosNode.h */,
				A928AD9C0FF7EBFC005CF70D /* CocosNode.m */,
				A928AD9D0FF7EBFC005CF70D /* Director.h */,
				A928AD9E0FF7EBFC005CF70D /* Director.m */,
				A928AD9F0FF7EBFC005CF70D /* EaseAction.h */,
				A928ADA00FF7EBFC005CF70D /* EaseAction.m */,
				A928ADA10FF7EBFC005CF70D /* Grabber.h */,
				A928ADA20FF7EBFC005CF70D /* Grabber.m */,
				A928ADA30FF7EBFC005CF70D /* Grid.h */,
				A928ADA40FF7EBFC005CF70D /* Grid.m */,
				A928ADA50FF7EBFC005CF70D /* Grid3DAction.h */,
				A928ADA60FF7EBFC005CF70D /* Grid3DAction.m */,
				A928ADA70FF7EBFC005CF70D /* GridAction.h */,
				A928ADA80FF7EBFC005CF70D /* GridAction.m */,
				A928ADA90FF7EBFC005CF70D /* InstantAction.h */,
				A928ADAA0FF7EBFC005CF70D /* InstantAction.m */,
				A928ADAB0FF7EBFC005CF70D /* IntervalAction.h */,
				A928ADAC0FF7EBFC005CF70D /* IntervalAction.m */,
				A928ADAD0FF7EBFC005CF70D /* Label.h */,
				A928ADAE0FF7EBFC005CF70D /* Label.m */,
				A928ADAF0FF7EBFC005CF70D /* LabelAtlas.h */,
				A928ADB00FF7EBFC005CF70D /* LabelAtlas.m */,
				A928ADB10FF7EBFC005CF70D /* Layer.h */,
				A928ADB20FF7EBFC005CF70D /* Layer.m */,
				A928ADB30FF7EBFC005CF70D /* Menu.h */,
				A928ADB40FF7EBFC005CF70D /* Menu.m */,
				A928ADB50FF7EBFC005CF70D /* MenuItem.h */,
				A928ADB60FF7EBFC005CF70D /* MenuItem.m */,
				A928ADB70FF7EBFC005CF70D /* ParallaxNode.h */,
				A928ADB80FF7EBFC005CF70D /* ParallaxNode.m */,
				A928ADB90FF7EBFC005CF70D /* ParticleExamples.h */,
				A928ADBA0FF7EBFC005CF70D /* ParticleExamples.m */,
				A928ADBB0FF7EBFC005CF70D /* ParticleSystem.h */,
				A928ADBC0FF7EBFC005CF70D /* ParticleSystem.m */,
				A928ADBD0FF7EBFC005CF70D /* PointParticleSystem.h */,
				A928ADBE0FF7EBFC005CF70D /* PointParticleSystem.m */,
				A928ADBF0FF7EBFC005CF70D /* Primitives.h */,
				A928ADC00FF7EBFC005CF70D /* Primitives.m */,
				A928ADC10FF7EBFC005CF70D /* QuadParticleSystem.h */,
				A928ADC20FF7EBFC005CF70D /* QuadParticleSystem.m */,
				A928ADC30FF7EBFC005CF70D /* Scene.h */,
				A928ADC40FF7EBFC005CF70D /* Scene.m */,
				A928ADC50FF7EBFC005CF70D /* Scheduler.h */,
				A928ADC60FF7EBFC005CF70D /* Scheduler.m */,
				A928ADC70FF7EBFC005CF70D /* Sprite.h */,
				A928ADC80FF7EBFC005CF70D /* Sprite.m */,
				A928ADC90FF7EBFC005CF70D /* Support */,
				A928ADDE0FF7EBFC005CF70D /* TextureAtlas.h */,
				A928ADDF0FF7EBFC005CF70D /* TextureAtlas.m */,
				A928ADE00FF7EBFC005CF70D /* TextureMgr.h */,
				A928ADE10FF7EBFC005CF70D /* TextureMgr.m */,
				A928ADE20FF7EBFC005CF70D /* TextureNode.h */,
				A928ADE30FF7EBFC005CF70D /* TextureNode.m */,
				A928ADE40FF7EBFC005CF70D /* TiledGridAction.h */,
				A928ADE50FF7EBFC005CF70D /* TiledGridAction.m */,
				A928ADE60FF7EBFC005CF70D /* TileMapAtlas.h */,
				A928ADE70FF7EBFC005CF70D /* TileMapAtlas.m */,
				A928ADE80FF7EBFC005CF70D /* TouchDelegateProtocol.h */,
				A928ADE90FF7EBFC005CF70D /* TouchDispatcher.h */,
				A928ADEA0FF7EBFC005CF70D /* TouchDispatcher.m */,
				A928ADEB0FF7EBFC005CF70D /* TouchHandler.h */,
				A928ADEC0FF7EBFC005CF70D /* TouchHandler.m */,
				A928ADED0FF7EBFC005CF70D /* Transition.h */,
				A928ADEE0FF7EBFC005CF70D /* Transition.m */,
			);
			path = cocos2d;
			sourceTree = "<group>";
		};
		A928ADC90FF7EBFC005CF70D /* Support */ = {
			isa = PBXGroup;
			children = (
				A928ADCA0FF7EBFC005CF70D /* ccArray.h */,
				A928ADCB0FF7EBFC005CF70D /* CGPointExtension.h */,
				A928ADCC0FF7EBFC005CF70D /* CGPointExtension.m */,
				A928ADCD0FF7EBFC005CF70D /* EAGLView.h */,
				A928ADCE0FF7EBFC005CF70D /* EAGLView.m */,
				A928ADCF0FF7EBFC005CF70D /* FileUtils.h */,
				A928ADD00FF7EBFC005CF70D /* FileUtils.m */,
				A928ADD10FF7EBFC005CF70D /* glu.c */,
				A928ADD20FF7EBFC005CF70D /* glu.h */,
				A928ADD30FF7EBFC005CF70D /* OpenGL_Internal.h */,
				A928ADD40FF7EBFC005CF70D /* PVRTexture.h */,
				A928ADD50FF7EBFC005CF70D /* PVRTexture.m */,
				A928ADD60FF7EBFC005CF70D /* Texture2D.h */,
				A928ADD70FF7EBFC005CF70D /* Texture2D.m */,
				A928ADD80FF7EBFC005CF70D /* TGAlib.h */,
				A928ADD90FF7EBFC005CF70D /* TGAlib.m */,
				A928ADDA0FF7EBFC005CF70D /* TransformUtils.h */,
				A928ADDB0FF7EBFC005CF70D /* TransformUtils.m */,
				A928ADDC0FF7EBFC005CF70D /* UIColor-OpenGL.h */,
				A928ADDD0FF7EBFC005CF70D /* UIColor-OpenGL.m */,
			);
			path = Support;
			sourceTree = "<group>";
		};
		A928AE1F0FF7EC14005CF70D /* Box2d */ = {
			isa = PBXGroup;
			children = (
				A928AE280FF7EC14005CF70D /* Include */,
				A928AE2A0FF7EC14005CF70D /* Source */,
			);
			path = Box2d;
			sourceTree = "<group>";
		};
		A928AE280FF7EC14005CF70D /* Include */ = {
			isa = PBXGroup;
			children = (
				A928AE290FF7EC14005CF70D /* Box2D.h */,
			);
			path = Include;
			sourceTree = "<group>";
		};
		A928AE2A0FF7EC14005CF70D /* Source */ = {
			isa = PBXGroup;
			children = (
				A928AE2B0FF7EC14005CF70D /* Collision */,
				A928AE3F0FF7EC14005CF70D /* Common */,
				A928AE4A0FF7EC14005CF70D /* Dynamics */,
			);
			path = Source;
			sourceTree = "<group>";
		};
		A928AE2B0FF7EC14005CF70D /* Collision */ = {
			isa = PBXGroup;
			children = (
				A928AE2C0FF7EC14005CF70D /* b2BroadPhase.cpp */,
				A928AE2D0FF7EC14005CF70D /* b2BroadPhase.h */,
				A928AE2E0FF7EC14005CF70D /* b2CollideCircle.cpp */,
				A928AE2F0FF7EC14005CF70D /* b2CollidePoly.cpp */,
				A928AE300FF7EC14005CF70D /* b2Collision.cpp */,
				A928AE310FF7EC14005CF70D /* b2Collision.h */,
				A928AE320FF7EC14005CF70D /* b2Distance.cpp */,
				A928AE330FF7EC14005CF70D /* b2PairManager.cpp */,
				A928AE340FF7EC14005CF70D /* b2PairManager.h */,
				A928AE350FF7EC14005CF70D /* b2TimeOfImpact.cpp */,
				A928AE360FF7EC14005CF70D /* Shapes */,
			);
			path = Collision;
			sourceTree = "<group>";
		};
		A928AE360FF7EC14005CF70D /* Shapes */ = {
			isa = PBXGroup;
			children = (
				A928AE370FF7EC14005CF70D /* b2CircleShape.cpp */,
				A928AE380FF7EC14005CF70D /* b2CircleShape.h */,
				A928AE390FF7EC14005CF70D /* b2EdgeShape.cpp */,
				A928AE3A0FF7EC14005CF70D /* b2EdgeShape.h */,
				A928AE3B0FF7EC14005CF70D /* b2PolygonShape.cpp */,
				A928AE3C0FF7EC14005CF70D /* b2PolygonShape.h */,
				A928AE3D0FF7EC14005CF70D /* b2Shape.cpp */,
				A928AE3E0FF7EC14005CF70D /* b2Shape.h */,
			);
			path = Shapes;
			sourceTree = "<group>";
		};
		A928AE3F0FF7EC14005CF70D /* Common */ = {
			isa = PBXGroup;
			children = (
				A928AE400FF7EC14005CF70D /* b2BlockAllocator.cpp */,
				A928AE410FF7EC14005CF70D /* b2BlockAllocator.h */,
				A928AE420FF7EC14005CF70D /* b2Math.cpp */,
				A928AE430FF7EC14005CF70D /* b2Math.h */,
				A928AE440FF7EC14005CF70D /* b2Settings.cpp */,
				A928AE450FF7EC14005CF70D /* b2Settings.h */,
				A928AE460FF7EC14005CF70D /* b2StackAllocator.cpp */,
				A928AE470FF7EC14005CF70D /* b2StackAllocator.h */,
				A928AE480FF7EC14005CF70D /* Fixed.h */,
				A928AE490FF7EC14005CF70D /* jtypes.h */,
			);
			path = Common;
			sourceTree = "<group>";
		};
		A928AE4A0FF7EC14005CF70D /* Dynamics */ = {
			isa = PBXGroup;
			children = (
				A928AE4B0FF7EC14005CF70D /* b2Body.cpp */,
				A928AE4C0FF7EC14005CF70D /* b2Body.h */,
				A928AE4D0FF7EC14005CF70D /* b2ContactManager.cpp */,
				A928AE4E0FF7EC14005CF70D /* b2ContactManager.h */,
				A928AE4F0FF7EC14005CF70D /* b2Island.cpp */,
				A928AE500FF7EC14005CF70D /* b2Island.h */,
				A928AE510FF7EC14005CF70D /* b2World.cpp */,
				A928AE520FF7EC14005CF70D /* b2World.h */,
				A928AE530FF7EC14005CF70D /* b2WorldCallbacks.cpp */,
				A928AE540FF7EC14005CF70D /* b2WorldCallbacks.h */,
				A928AE550FF7EC14005CF70D /* Contacts */,
				A928AE650FF7EC14005CF70D /* Controllers */,
				A928AE720FF7EC14005CF70D /* Joints */,
			);
			path = Dynamics;
			sourceTree = "<group>";
		};
		A928AE550FF7EC14005CF70D /* Contacts */ = {
			isa = PBXGroup;
			children = (
				A928AE560FF7EC14005CF70D /* b2CircleContact.cpp */,
				A928AE570FF7EC14005CF70D /* b2CircleContact.h */,
				A928AE580FF7EC14005CF70D /* b2Contact.cpp */,
				A928AE590FF7EC14005CF70D /* b2Contact.h */,
				A928AE5A0FF7EC14005CF70D /* b2ContactSolver.cpp */,
				A928AE5B0FF7EC14005CF70D /* b2ContactSolver.h */,
				A928AE5C0FF7EC14005CF70D /* b2EdgeAndCircleContact.cpp */,
				A928AE5D0FF7EC14005CF70D /* b2EdgeAndCircleContact.h */,
				A928AE5E0FF7EC14005CF70D /* b2NullContact.h */,
				A928AE5F0FF7EC14005CF70D /* b2PolyAndCircleContact.cpp */,
				A928AE600FF7EC14005CF70D /* b2PolyAndCircleContact.h */,
				A928AE610FF7EC14005CF70D /* b2PolyAndEdgeContact.cpp */,
				A928AE620FF7EC14005CF70D /* b2PolyAndEdgeContact.h */,
				A928AE630FF7EC14005CF70D /* b2PolyContact.cpp */,
				A928AE640FF7EC14005CF70D /* b2PolyContact.h */,
			);
			path = Contacts;
			sourceTree = "<group>";
		};
		A928AE650FF7EC14005CF70D /* Controllers */ = {
			isa = PBXGroup;
			children = (
				A928AE660FF7EC14005CF70D /* b2BuoyancyController.cpp */,
				A928AE670FF7EC14005CF70D /* b2BuoyancyController.h */,
				A928AE680FF7EC14005CF70D /* b2ConstantAccelController.cpp */,
				A928AE690FF7EC14005CF70D /* b2ConstantAccelController.h */,
				A928AE6A0FF7EC14005CF70D /* b2ConstantForceController.cpp */,
				A928AE6B0FF7EC14005CF70D /* b2ConstantForceController.h */,
				A928AE6C0FF7EC14005CF70D /* b2Controller.cpp */,
				A928AE6D0FF7EC14005CF70D /* b2Controller.h */,
				A928AE6E0FF7EC14005CF70D /* b2GravityController.cpp */,
				A928AE6F0FF7EC14005CF70D /* b2GravityController.h */,
				A928AE700FF7EC14005CF70D /* b2TensorDampingController.cpp */,
				A928AE710FF7EC14005CF70D /* b2TensorDampingController.h */,
			);
			path = Controllers;
			sourceTree = "<group>";
		};
		A928AE720FF7EC14005CF70D /* Joints */ = {
			isa = PBXGroup;
			children = (
				A928AE730FF7EC14005CF70D /* b2DistanceJoint.cpp */,
				A928AE740FF7EC14005CF70D /* b2DistanceJoint.h */,
				A928AE750FF7EC14005CF70D /* b2GearJoint.cpp */,
				A928AE760FF7EC14005CF70D /* b2GearJoint.h */,
				A928AE770FF7EC14005CF70D /* b2Joint.cpp */,
				A928AE780FF7EC14005CF70D /* b2Joint.h */,
				A928AE790FF7EC14005CF70D /* b2LineJoint.cpp */,
				A928AE7A0FF7EC14005CF70D /* b2LineJoint.h */,
				A928AE7B0FF7EC14005CF70D /* b2MouseJoint.cpp */,
				A928AE7C0FF7EC14005CF70D /* b2MouseJoint.h */,
				A928AE7D0FF7EC14005CF70D /* b2PrismaticJoint.cpp */,
				A928AE7E0FF7EC14005CF70D /* b2PrismaticJoint.h */,
				A928AE7F0FF7EC14005CF70D /* b2PulleyJoint.cpp */,
				A928AE800FF7EC14005CF70D /* b2PulleyJoint.h */,
				A928AE810FF7EC14005CF70D /* b2RevoluteJoint.cpp */,
				A928AE820FF7EC14005CF70D /* b2RevoluteJoint.h */,
			);
			path = Joints;
			sourceTree = "<group>";
		};
/* End PBXGroup section */

/* Begin PBXNativeTarget section */
		1D6058900D05DD3D006BFB54 /* LaunchIt */ = {
			isa = PBXNativeTarget;
			buildConfigurationList = 1D6058960D05DD3E006BFB54 /* Build configuration list for PBXNativeTarget "LaunchIt" */;
			buildPhases = (
				1D60588D0D05DD3D006BFB54 /* Resources */,
				1D60588E0D05DD3D006BFB54 /* Sources */,
				1D60588F0D05DD3D006BFB54 /* Frameworks */,
			);
			buildRules = (
			);
			dependencies = (
			);
			name = LaunchIt;
			productName = LaunchIt;
			productReference = 1D6058910D05DD3D006BFB54 /* LaunchIt.app */;
			productType = "com.apple.product-type.application";
		};
/* End PBXNativeTarget section */

/* Begin PBXProject section */
		29B97313FDCFA39411CA2CEA /* Project object */ = {
			isa = PBXProject;
			buildConfigurationList = C01FCF4E08A954540054247B /* Build configuration list for PBXProject "LaunchIt" */;
			compatibilityVersion = "Xcode 3.1";
			hasScannedForEncodings = 1;
			mainGroup = 29B97314FDCFA39411CA2CEA /* CustomTemplate */;
			projectDirPath = "";
			projectRoot = "";
			targets = (
				1D6058900D05DD3D006BFB54 /* LaunchIt */,
			);
		};
/* End PBXProject section */

/* Begin PBXResourcesBuildPhase section */
		1D60588D0D05DD3D006BFB54 /* Resources */ = {
			isa = PBXResourcesBuildPhase;
			buildActionMask = 2147483647;
			files = (
				A928AEB00FF7EC54005CF70D /* fps_images.png in Resources */,
				A928AEB30FF7ECA6005CF70D /* blocks.png in Resources */,
				A94D1F090FF8274700E37FAF /* catcher.png in Resources */,
				A94D1F0A0FF8274700E37FAF /* launcher.png in Resources */,
			);
			runOnlyForDeploymentPostprocessing = 0;
		};
/* End PBXResourcesBuildPhase section */

/* Begin PBXSourcesBuildPhase section */
		1D60588E0D05DD3D006BFB54 /* Sources */ = {
			isa = PBXSourcesBuildPhase;
			buildActionMask = 2147483647;
			files = (
				1D60589B0D05DD56006BFB54 /* main.m in Sources */,
				1D3623260D0F684500981E51 /* LaunchItAppDelegate.mm in Sources */,
				A928ADEF0FF7EBFC005CF70D /* Action.m in Sources */,
				A928ADF00FF7EBFC005CF70D /* AtlasNode.m in Sources */,
				A928ADF10FF7EBFC005CF70D /* AtlasSprite.m in Sources */,
				A928ADF20FF7EBFC005CF70D /* AtlasSpriteManager.m in Sources */,
				A928ADF30FF7EBFC005CF70D /* BitmapFontAtlas.m in Sources */,
				A928ADF40FF7EBFC005CF70D /* Camera.m in Sources */,
				A928ADF50FF7EBFC005CF70D /* CameraAction.m in Sources */,
				A928ADF60FF7EBFC005CF70D /* cocos2d.m in Sources */,
				A928ADF70FF7EBFC005CF70D /* CocosNode.m in Sources */,
				A928ADF80FF7EBFC005CF70D /* Director.m in Sources */,
				A928ADF90FF7EBFC005CF70D /* EaseAction.m in Sources */,
				A928ADFA0FF7EBFC005CF70D /* Grabber.m in Sources */,
				A928ADFB0FF7EBFC005CF70D /* Grid.m in Sources */,
				A928ADFC0FF7EBFC005CF70D /* Grid3DAction.m in Sources */,
				A928ADFD0FF7EBFC005CF70D /* GridAction.m in Sources */,
				A928ADFE0FF7EBFC005CF70D /* InstantAction.m in Sources */,
				A928ADFF0FF7EBFC005CF70D /* IntervalAction.m in Sources */,
				A928AE000FF7EBFC005CF70D /* Label.m in Sources */,
				A928AE010FF7EBFC005CF70D /* LabelAtlas.m in Sources */,
				A928AE020FF7EBFC005CF70D /* Layer.m in Sources */,
				A928AE030FF7EBFC005CF70D /* Menu.m in Sources */,
				A928AE040FF7EBFC005CF70D /* MenuItem.m in Sources */,
				A928AE050FF7EBFC005CF70D /* ParallaxNode.m in Sources */,
				A928AE060FF7EBFC005CF70D /* ParticleExamples.m in Sources */,
				A928AE070FF7EBFC005CF70D /* ParticleSystem.m in Sources */,
				A928AE080FF7EBFC005CF70D /* PointParticleSystem.m in Sources */,
				A928AE090FF7EBFC005CF70D /* Primitives.m in Sources */,
				A928AE0A0FF7EBFC005CF70D /* QuadParticleSystem.m in Sources */,
				A928AE0B0FF7EBFC005CF70D /* Scene.m in Sources */,
				A928AE0C0FF7EBFC005CF70D /* Scheduler.m in Sources */,
				A928AE0D0FF7EBFC005CF70D /* Sprite.m in Sources */,
				A928AE0E0FF7EBFC005CF70D /* CGPointExtension.m in Sources */,
				A928AE0F0FF7EBFC005CF70D /* EAGLView.m in Sources */,
				A928AE100FF7EBFC005CF70D /* FileUtils.m in Sources */,
				A928AE110FF7EBFC005CF70D /* glu.c in Sources */,
				A928AE120FF7EBFC005CF70D /* PVRTexture.m in Sources */,
				A928AE130FF7EBFC005CF70D /* Texture2D.m in Sources */,
				A928AE140FF7EBFC005CF70D /* TGAlib.m in Sources */,
				A928AE150FF7EBFC005CF70D /* TransformUtils.m in Sources */,
				A928AE160FF7EBFC005CF70D /* UIColor-OpenGL.m in Sources */,
				A928AE170FF7EBFC005CF70D /* TextureAtlas.m in Sources */,
				A928AE180FF7EBFC005CF70D /* TextureMgr.m in Sources */,
				A928AE190FF7EBFC005CF70D /* TextureNode.m in Sources */,
				A928AE1A0FF7EBFC005CF70D /* TiledGridAction.m in Sources */,
				A928AE1B0FF7EBFC005CF70D /* TileMapAtlas.m in Sources */,
				A928AE1C0FF7EBFC005CF70D /* TouchDispatcher.m in Sources */,
				A928AE1D0FF7EBFC005CF70D /* TouchHandler.m in Sources */,
				A928AE1E0FF7EBFC005CF70D /* Transition.m in Sources */,
				A928AE850FF7EC14005CF70D /* b2BroadPhase.cpp in Sources */,
				A928AE860FF7EC14005CF70D /* b2CollideCircle.cpp in Sources */,
				A928AE870FF7EC14005CF70D /* b2CollidePoly.cpp in Sources */,
				A928AE880FF7EC14005CF70D /* b2Collision.cpp in Sources */,
				A928AE890FF7EC14005CF70D /* b2Distance.cpp in Sources */,
				A928AE8A0FF7EC14005CF70D /* b2PairManager.cpp in Sources */,
				A928AE8B0FF7EC14005CF70D /* b2TimeOfImpact.cpp in Sources */,
				A928AE8C0FF7EC14005CF70D /* b2CircleShape.cpp in Sources */,
				A928AE8D0FF7EC14005CF70D /* b2EdgeShape.cpp in Sources */,
				A928AE8E0FF7EC14005CF70D /* b2PolygonShape.cpp in Sources */,
				A928AE8F0FF7EC14005CF70D /* b2Shape.cpp in Sources */,
				A928AE900FF7EC14005CF70D /* b2BlockAllocator.cpp in Sources */,
				A928AE910FF7EC14005CF70D /* b2Math.cpp in Sources */,
				A928AE920FF7EC14005CF70D /* b2Settings.cpp in Sources */,
				A928AE930FF7EC14005CF70D /* b2StackAllocator.cpp in Sources */,
				A928AE940FF7EC14005CF70D /* b2Body.cpp in Sources */,
				A928AE950FF7EC14005CF70D /* b2ContactManager.cpp in Sources */,
				A928AE960FF7EC14005CF70D /* b2Island.cpp in Sources */,
				A928AE970FF7EC14005CF70D /* b2World.cpp in Sources */,
				A928AE980FF7EC14005CF70D /* b2WorldCallbacks.cpp in Sources */,
				A928AE990FF7EC14005CF70D /* b2CircleContact.cpp in Sources */,
				A928AE9A0FF7EC14005CF70D /* b2Contact.cpp in Sources */,
				A928AE9B0FF7EC14005CF70D /* b2ContactSolver.cpp in Sources */,
				A928AE9C0FF7EC14005CF70D /* b2EdgeAndCircleContact.cpp in Sources */,
				A928AE9D0FF7EC14005CF70D /* b2PolyAndCircleContact.cpp in Sources */,
				A928AE9E0FF7EC14005CF70D /* b2PolyAndEdgeContact.cpp in Sources */,
				A928AE9F0FF7EC14005CF70D /* b2PolyContact.cpp in Sources */,
				A928AEA00FF7EC14005CF70D /* b2BuoyancyController.cpp in Sources */,
				A928AEA10FF7EC14005CF70D /* b2ConstantAccelController.cpp in Sources */,
				A928AEA20FF7EC14005CF70D /* b2ConstantForceController.cpp in Sources */,
				A928AEA30FF7EC14005CF70D /* b2Controller.cpp in Sources */,
				A928AEA40FF7EC14005CF70D /* b2GravityController.cpp in Sources */,
				A928AEA50FF7EC14005CF70D /* b2TensorDampingController.cpp in Sources */,
				A928AEA60FF7EC14005CF70D /* b2DistanceJoint.cpp in Sources */,
				A928AEA70FF7EC14005CF70D /* b2GearJoint.cpp in Sources */,
				A928AEA80FF7EC14005CF70D /* b2Joint.cpp in Sources */,
				A928AEA90FF7EC14005CF70D /* b2LineJoint.cpp in Sources */,
				A928AEAA0FF7EC14005CF70D /* b2MouseJoint.cpp in Sources */,
				A928AEAB0FF7EC14005CF70D /* b2PrismaticJoint.cpp in Sources */,
				A928AEAC0FF7EC14005CF70D /* b2PulleyJoint.cpp in Sources */,
				A928AEAD0FF7EC14005CF70D /* b2RevoluteJoint.cpp in Sources */,
				A928AEB60FF7ECC7005CF70D /* GameLayer.mm in Sources */,
			);
			runOnlyForDeploymentPostprocessing = 0;
		};
/* End PBXSourcesBuildPhase section */

/* Begin XCBuildConfiguration section */
		1D6058940D05DD3E006BFB54 /* Debug */ = {
			isa = XCBuildConfiguration;
			buildSettings = {
				ALWAYS_SEARCH_USER_PATHS = NO;
				COPY_PHASE_STRIP = NO;
				GCC_DYNAMIC_NO_PIC = NO;
				GCC_OPTIMIZATION_LEVEL = 0;
				GCC_PRECOMPILE_PREFIX_HEADER = YES;
				GCC_PREFIX_HEADER = LaunchIt_Prefix.pch;
				INFOPLIST_FILE = "LaunchIt-Info.plist";
				PRODUCT_NAME = LaunchIt;
			};
			name = Debug;
		};
		1D6058950D05DD3E006BFB54 /* Release */ = {
			isa = XCBuildConfiguration;
			buildSettings = {
				ALWAYS_SEARCH_USER_PATHS = NO;
				COPY_PHASE_STRIP = YES;
				GCC_PRECOMPILE_PREFIX_HEADER = YES;
				GCC_PREFIX_HEADER = LaunchIt_Prefix.pch;
				INFOPLIST_FILE = "LaunchIt-Info.plist";
				PRODUCT_NAME = LaunchIt;
			};
			name = Release;
		};
		C01FCF4F08A954540054247B /* Debug */ = {
			isa = XCBuildConfiguration;
			buildSettings = {
				ARCHS = "$(ARCHS_STANDARD_32_BIT)";
				"CODE_SIGN_IDENTITY[sdk=iphoneos*]" = "iPhone Developer";
				GCC_C_LANGUAGE_STANDARD = c99;
				GCC_WARN_ABOUT_RETURN_TYPE = YES;
				GCC_WARN_UNUSED_VARIABLE = YES;
				PREBINDING = NO;
				SDKROOT = iphoneos3.0;
			};
			name = Debug;
		};
		C01FCF5008A954540054247B /* Release */ = {
			isa = XCBuildConfiguration;
			buildSettings = {
				ARCHS = "$(ARCHS_STANDARD_32_BIT)";
				"CODE_SIGN_IDENTITY[sdk=iphoneos*]" = "iPhone Developer";
				GCC_C_LANGUAGE_STANDARD = c99;
				GCC_WARN_ABOUT_RETURN_TYPE = YES;
				GCC_WARN_UNUSED_VARIABLE = YES;
				PREBINDING = NO;
				SDKROOT = iphoneos3.0;
			};
			name = Release;
		};
/* End XCBuildConfiguration section */

/* Begin XCConfigurationList section */
		1D6058960D05DD3E006BFB54 /* Build configuration list for PBXNativeTarget "LaunchIt" */ = {
			isa = XCConfigurationList;
			buildConfigurations = (
				1D6058940D05DD3E006BFB54 /* Debug */,
				1D6058950D05DD3E006BFB54 /* Release */,
			);
			defaultConfigurationIsVisible = 0;
			defaultConfigurationName = Release;
		};
		C01FCF4E08A954540054247B /* Build configuration list for PBXProject "LaunchIt" */ = {
			isa = XCConfigurationList;
			buildConfigurations = (
				C01FCF4F08A954540054247B /* Debug */,
				C01FCF5008A954540054247B /* Release */,
			);
			defaultConfigurationIsVisible = 0;
			defaultConfigurationName = Release;
		};
/* End XCConfigurationList section */
	};
	rootObject = 29B97313FDCFA39411CA2CEA /* Project object */;
}
